
Microsoft Visual Studio Solution File, Format Version 12.00
# Visual Studio Version 17
VisualStudioVersion = 17.5.33414.496
MinimumVisualStudioVersion = 10.0.40219.1
Project("{8BC9CEB8-8B4A-11D0-8D11-00A0C91BC942}") = "cpp.practice_1", "cpp.practice_1\cpp.practice_1.vcxproj", "{992EE7A5-6CCA-4716-A312-2E7C86F1A0ED}"
EndProject
Project("{8BC9CEB8-8B4A-11D0-8D11-00A0C91BC942}") = "cpp.practice_2", "cpp.practice_2\cpp.practice_2.vcxproj", "{03895177-0206-496A-A428-B3FCF8E0616C}"
EndProject
Project("{8BC9CEB8-8B4A-11D0-8D11-00A0C91BC942}") = "cpp.practice_3-1", "task3\task3.vcxproj", "{34A5572F-041E-41B4-85BA-92137D82981D}"
EndProject
Project("{8BC9CEB8-8B4A-11D0-8D11-00A0C91BC942}") = "cpp.practice_13", "cpp.practice_13\cpp.practice_13.vcxproj", "{6A6D0F86-0C64-4602-B502-B3396B7DBB9A}"
EndProject
Project("{8BC9CEB8-8B4A-11D0-8D11-00A0C91BC942}") = "cpp.practice_14", "cpp.practice_14\cpp.practice_14.vcxproj", "{B54653EE-DD0F-41FC-87A9-5E8A88A2C4C2}"
EndProject
Project("{8BC9CEB8-8B4A-11D0-8D11-00A0C91BC942}") = "testContest", "testContest\testContest.vcxproj", "{0411B968-15B7-4D49-A776-3A6A97A7435E}"
EndProject
Project("{2150E333-8FDC-42A3-9474-1A3956D46DE8}") = "practice3", "practice3", "{1A52E717-CF60-4C8E-9F3B-6A642321475A}"
EndProject
Project("{8BC9CEB8-8B4A-11D0-8D11-00A0C91BC942}") = "cpp.practice_3-2", "cpp.practice3-2\cpp.practice3-2.vcxproj", "{41507F2E-04F2-4A44-A63C-812772F4D6F2}"
EndProject
Project("{2150E333-8FDC-42A3-9474-1A3956D46DE8}") = "practice1", "practice1", "{B2B68112-4087-4C23-BDDA-C45186978C3F}"
EndProject
Project("{2150E333-8FDC-42A3-9474-1A3956D46DE8}") = "practice2", "practice2", "{606A1811-F74F-4D00-BC0D-2BD665BE71DD}"
EndProject
Project("{2150E333-8FDC-42A3-9474-1A3956D46DE8}") = "practice13", "practice13", "{F9FA2C56-EDEB-408B-BDC0-6C9274BAF675}"
EndProject
Project("{2150E333-8FDC-42A3-9474-1A3956D46DE8}") = "practice14", "practice14", "{8E52C514-C2B6-4BC1-B685-393827A43C56}"
EndProject
Project("{8BC9CEB8-8B4A-11D0-8D11-00A0C91BC942}") = "cpp.practice_3-3", "cpp.practice_3-3\cpp.practice_3-3.vcxproj", "{1B2E2291-0864-465A-BBB3-6BA5BF35FE78}"
EndProject
Project("{8BC9CEB8-8B4A-11D0-8D11-00A0C91BC942}") = "cpp.practice_3-4", "cpp.practice_3-4\cpp.practice_3-4.vcxproj", "{3BEBDDBA-55E4-4B48-B00D-2C171A57786A}"
EndProject
Project("{8BC9CEB8-8B4A-11D0-8D11-00A0C91BC942}") = "cpp.practice_3-5", "cpp.practice_3-5\cpp.practice_3-5.vcxproj", "{61A110DF-4CA4-4242-86AC-E5272CC73B7B}"
EndProject
Project("{2150E333-8FDC-42A3-9474-1A3956D46DE8}") = "practice5", "practice5", "{4D10E33A-CC2A-494A-84CB-DFE9D652BEC2}"
EndProject
Project("{8BC9CEB8-8B4A-11D0-8D11-00A0C91BC942}") = "cpp.practice_5-1", "cpp.practice_4-1\cpp.practice_4-1.vcxproj", "{85A6D689-9AF8-44FE-89C4-FF6CA7CE97D3}"
EndProject
Project("{8BC9CEB8-8B4A-11D0-8D11-00A0C91BC942}") = "cpp.practice_5-2", "cpp.practice_5-2\cpp.practice_5-2.vcxproj", "{AC97450D-8C7D-4FBF-9C24-AF775B3E544D}"
EndProject
Project("{8BC9CEB8-8B4A-11D0-8D11-00A0C91BC942}") = "cpp.practice_5-3", "cpp.practice_5-3\cpp.practice_5-3.vcxproj", "{B84EF57D-F620-4CB3-9985-862D011B1785}"
EndProject
Project("{8BC9CEB8-8B4A-11D0-8D11-00A0C91BC942}") = "cpp.practice_5-4", "cpp.practice_5-4\cpp.practice_5-4.vcxproj", "{150BB8EE-AFD2-4B2D-96CC-AE0F168DD273}"
EndProject
Global
	GlobalSection(SolutionConfigurationPlatforms) = preSolution
		Debug|arm64 = Debug|arm64
		Debug|x64 = Debug|x64
		Debug|x86 = Debug|x86
		Release|arm64 = Release|arm64
		Release|x64 = Release|x64
		Release|x86 = Release|x86
	EndGlobalSection
	GlobalSection(ProjectConfigurationPlatforms) = postSolution
		{992EE7A5-6CCA-4716-A312-2E7C86F1A0ED}.Debug|arm64.ActiveCfg = Debug|arm64
		{992EE7A5-6CCA-4716-A312-2E7C86F1A0ED}.Debug|arm64.Build.0 = Debug|arm64
		{992EE7A5-6CCA-4716-A312-2E7C86F1A0ED}.Debug|x64.ActiveCfg = Debug|x64
		{992EE7A5-6CCA-4716-A312-2E7C86F1A0ED}.Debug|x64.Build.0 = Debug|x64
		{992EE7A5-6CCA-4716-A312-2E7C86F1A0ED}.Debug|x86.ActiveCfg = Debug|Win32
		{992EE7A5-6CCA-4716-A312-2E7C86F1A0ED}.Debug|x86.Build.0 = Debug|Win32
		{992EE7A5-6CCA-4716-A312-2E7C86F1A0ED}.Release|arm64.ActiveCfg = Release|arm64
		{992EE7A5-6CCA-4716-A312-2E7C86F1A0ED}.Release|arm64.Build.0 = Release|arm64
		{992EE7A5-6CCA-4716-A312-2E7C86F1A0ED}.Release|x64.ActiveCfg = Release|x64
		{992EE7A5-6CCA-4716-A312-2E7C86F1A0ED}.Release|x64.Build.0 = Release|x64
		{992EE7A5-6CCA-4716-A312-2E7C86F1A0ED}.Release|x86.ActiveCfg = Release|Win32
		{992EE7A5-6CCA-4716-A312-2E7C86F1A0ED}.Release|x86.Build.0 = Release|Win32
		{03895177-0206-496A-A428-B3FCF8E0616C}.Debug|arm64.ActiveCfg = Debug|arm64
		{03895177-0206-496A-A428-B3FCF8E0616C}.Debug|arm64.Build.0 = Debug|arm64
		{03895177-0206-496A-A428-B3FCF8E0616C}.Debug|x64.ActiveCfg = Debug|x64
		{03895177-0206-496A-A428-B3FCF8E0616C}.Debug|x64.Build.0 = Debug|x64
		{03895177-0206-496A-A428-B3FCF8E0616C}.Debug|x86.ActiveCfg = Debug|Win32
		{03895177-0206-496A-A428-B3FCF8E0616C}.Debug|x86.Build.0 = Debug|Win32
		{03895177-0206-496A-A428-B3FCF8E0616C}.Release|arm64.ActiveCfg = Release|arm64
		{03895177-0206-496A-A428-B3FCF8E0616C}.Release|arm64.Build.0 = Release|arm64
		{03895177-0206-496A-A428-B3FCF8E0616C}.Release|x64.ActiveCfg = Release|x64
		{03895177-0206-496A-A428-B3FCF8E0616C}.Release|x64.Build.0 = Release|x64
		{03895177-0206-496A-A428-B3FCF8E0616C}.Release|x86.ActiveCfg = Release|Win32
		{03895177-0206-496A-A428-B3FCF8E0616C}.Release|x86.Build.0 = Release|Win32
		{34A5572F-041E-41B4-85BA-92137D82981D}.Debug|arm64.ActiveCfg = Debug|arm64
		{34A5572F-041E-41B4-85BA-92137D82981D}.Debug|arm64.Build.0 = Debug|arm64
		{34A5572F-041E-41B4-85BA-92137D82981D}.Debug|x64.ActiveCfg = Debug|x64
		{34A5572F-041E-41B4-85BA-92137D82981D}.Debug|x64.Build.0 = Debug|x64
		{34A5572F-041E-41B4-85BA-92137D82981D}.Debug|x86.ActiveCfg = Debug|Win32
		{34A5572F-041E-41B4-85BA-92137D82981D}.Debug|x86.Build.0 = Debug|Win32
		{34A5572F-041E-41B4-85BA-92137D82981D}.Release|arm64.ActiveCfg = Release|arm64
		{34A5572F-041E-41B4-85BA-92137D82981D}.Release|arm64.Build.0 = Release|arm64
		{34A5572F-041E-41B4-85BA-92137D82981D}.Release|x64.ActiveCfg = Release|x64
		{34A5572F-041E-41B4-85BA-92137D82981D}.Release|x64.Build.0 = Release|x64
		{34A5572F-041E-41B4-85BA-92137D82981D}.Release|x86.ActiveCfg = Release|Win32
		{34A5572F-041E-41B4-85BA-92137D82981D}.Release|x86.Build.0 = Release|Win32
		{6A6D0F86-0C64-4602-B502-B3396B7DBB9A}.Debug|arm64.ActiveCfg = Debug|arm64
		{6A6D0F86-0C64-4602-B502-B3396B7DBB9A}.Debug|arm64.Build.0 = Debug|arm64
		{6A6D0F86-0C64-4602-B502-B3396B7DBB9A}.Debug|x64.ActiveCfg = Debug|x64
		{6A6D0F86-0C64-4602-B502-B3396B7DBB9A}.Debug|x64.Build.0 = Debug|x64
		{6A6D0F86-0C64-4602-B502-B3396B7DBB9A}.Debug|x86.ActiveCfg = Debug|Win32
		{6A6D0F86-0C64-4602-B502-B3396B7DBB9A}.Debug|x86.Build.0 = Debug|Win32
		{6A6D0F86-0C64-4602-B502-B3396B7DBB9A}.Release|arm64.ActiveCfg = Release|arm64
		{6A6D0F86-0C64-4602-B502-B3396B7DBB9A}.Release|arm64.Build.0 = Release|arm64
		{6A6D0F86-0C64-4602-B502-B3396B7DBB9A}.Release|x64.ActiveCfg = Release|x64
		{6A6D0F86-0C64-4602-B502-B3396B7DBB9A}.Release|x64.Build.0 = Release|x64
		{6A6D0F86-0C64-4602-B502-B3396B7DBB9A}.Release|x86.ActiveCfg = Release|Win32
		{6A6D0F86-0C64-4602-B502-B3396B7DBB9A}.Release|x86.Build.0 = Release|Win32
		{B54653EE-DD0F-41FC-87A9-5E8A88A2C4C2}.Debug|arm64.ActiveCfg = Debug|arm64
		{B54653EE-DD0F-41FC-87A9-5E8A88A2C4C2}.Debug|arm64.Build.0 = Debug|arm64
		{B54653EE-DD0F-41FC-87A9-5E8A88A2C4C2}.Debug|x64.ActiveCfg = Debug|x64
		{B54653EE-DD0F-41FC-87A9-5E8A88A2C4C2}.Debug|x64.Build.0 = Debug|x64
		{B54653EE-DD0F-41FC-87A9-5E8A88A2C4C2}.Debug|x86.ActiveCfg = Debug|Win32
		{B54653EE-DD0F-41FC-87A9-5E8A88A2C4C2}.Debug|x86.Build.0 = Debug|Win32
		{B54653EE-DD0F-41FC-87A9-5E8A88A2C4C2}.Release|arm64.ActiveCfg = Release|arm64
		{B54653EE-DD0F-41FC-87A9-5E8A88A2C4C2}.Release|arm64.Build.0 = Release|arm64
		{B54653EE-DD0F-41FC-87A9-5E8A88A2C4C2}.Release|x64.ActiveCfg = Release|x64
		{B54653EE-DD0F-41FC-87A9-5E8A88A2C4C2}.Release|x64.Build.0 = Release|x64
		{B54653EE-DD0F-41FC-87A9-5E8A88A2C4C2}.Release|x86.ActiveCfg = Release|Win32
		{B54653EE-DD0F-41FC-87A9-5E8A88A2C4C2}.Release|x86.Build.0 = Release|Win32
		{0411B968-15B7-4D49-A776-3A6A97A7435E}.Debug|arm64.ActiveCfg = Debug|arm64
		{0411B968-15B7-4D49-A776-3A6A97A7435E}.Debug|arm64.Build.0 = Debug|arm64
		{0411B968-15B7-4D49-A776-3A6A97A7435E}.Debug|x64.ActiveCfg = Debug|x64
		{0411B968-15B7-4D49-A776-3A6A97A7435E}.Debug|x64.Build.0 = Debug|x64
		{0411B968-15B7-4D49-A776-3A6A97A7435E}.Debug|x86.ActiveCfg = Debug|Win32
		{0411B968-15B7-4D49-A776-3A6A97A7435E}.Debug|x86.Build.0 = Debug|Win32
		{0411B968-15B7-4D49-A776-3A6A97A7435E}.Release|arm64.ActiveCfg = Release|arm64
		{0411B968-15B7-4D49-A776-3A6A97A7435E}.Release|arm64.Build.0 = Release|arm64
		{0411B968-15B7-4D49-A776-3A6A97A7435E}.Release|x64.ActiveCfg = Release|x64
		{0411B968-15B7-4D49-A776-3A6A97A7435E}.Release|x64.Build.0 = Release|x64
		{0411B968-15B7-4D49-A776-3A6A97A7435E}.Release|x86.ActiveCfg = Release|Win32
		{0411B968-15B7-4D49-A776-3A6A97A7435E}.Release|x86.Build.0 = Release|Win32
		{41507F2E-04F2-4A44-A63C-812772F4D6F2}.Debug|arm64.ActiveCfg = Debug|ARM64
		{41507F2E-04F2-4A44-A63C-812772F4D6F2}.Debug|arm64.Build.0 = Debug|ARM64
		{41507F2E-04F2-4A44-A63C-812772F4D6F2}.Debug|x64.ActiveCfg = Debug|x64
		{41507F2E-04F2-4A44-A63C-812772F4D6F2}.Debug|x64.Build.0 = Debug|x64
		{41507F2E-04F2-4A44-A63C-812772F4D6F2}.Debug|x86.ActiveCfg = Debug|Win32
		{41507F2E-04F2-4A44-A63C-812772F4D6F2}.Debug|x86.Build.0 = Debug|Win32
		{41507F2E-04F2-4A44-A63C-812772F4D6F2}.Release|arm64.ActiveCfg = Release|ARM64
		{41507F2E-04F2-4A44-A63C-812772F4D6F2}.Release|arm64.Build.0 = Release|ARM64
		{41507F2E-04F2-4A44-A63C-812772F4D6F2}.Release|x64.ActiveCfg = Release|x64
		{41507F2E-04F2-4A44-A63C-812772F4D6F2}.Release|x64.Build.0 = Release|x64
		{41507F2E-04F2-4A44-A63C-812772F4D6F2}.Release|x86.ActiveCfg = Release|Win32
		{41507F2E-04F2-4A44-A63C-812772F4D6F2}.Release|x86.Build.0 = Release|Win32
		{1B2E2291-0864-465A-BBB3-6BA5BF35FE78}.Debug|arm64.ActiveCfg = Debug|ARM64
		{1B2E2291-0864-465A-BBB3-6BA5BF35FE78}.Debug|arm64.Build.0 = Debug|ARM64
		{1B2E2291-0864-465A-BBB3-6BA5BF35FE78}.Debug|x64.ActiveCfg = Debug|x64
		{1B2E2291-0864-465A-BBB3-6BA5BF35FE78}.Debug|x64.Build.0 = Debug|x64
		{1B2E2291-0864-465A-BBB3-6BA5BF35FE78}.Debug|x86.ActiveCfg = Debug|Win32
		{1B2E2291-0864-465A-BBB3-6BA5BF35FE78}.Debug|x86.Build.0 = Debug|Win32
		{1B2E2291-0864-465A-BBB3-6BA5BF35FE78}.Release|arm64.ActiveCfg = Release|ARM64
		{1B2E2291-0864-465A-BBB3-6BA5BF35FE78}.Release|arm64.Build.0 = Release|ARM64
		{1B2E2291-0864-465A-BBB3-6BA5BF35FE78}.Release|x64.ActiveCfg = Release|x64
		{1B2E2291-0864-465A-BBB3-6BA5BF35FE78}.Release|x64.Build.0 = Release|x64
		{1B2E2291-0864-465A-BBB3-6BA5BF35FE78}.Release|x86.ActiveCfg = Release|Win32
		{1B2E2291-0864-465A-BBB3-6BA5BF35FE78}.Release|x86.Build.0 = Release|Win32
		{3BEBDDBA-55E4-4B48-B00D-2C171A57786A}.Debug|arm64.ActiveCfg = Debug|ARM64
		{3BEBDDBA-55E4-4B48-B00D-2C171A57786A}.Debug|arm64.Build.0 = Debug|ARM64
		{3BEBDDBA-55E4-4B48-B00D-2C171A57786A}.Debug|x64.ActiveCfg = Debug|x64
		{3BEBDDBA-55E4-4B48-B00D-2C171A57786A}.Debug|x64.Build.0 = Debug|x64
		{3BEBDDBA-55E4-4B48-B00D-2C171A57786A}.Debug|x86.ActiveCfg = Debug|Win32
		{3BEBDDBA-55E4-4B48-B00D-2C171A57786A}.Debug|x86.Build.0 = Debug|Win32
		{3BEBDDBA-55E4-4B48-B00D-2C171A57786A}.Release|arm64.ActiveCfg = Release|ARM64
		{3BEBDDBA-55E4-4B48-B00D-2C171A57786A}.Release|arm64.Build.0 = Release|ARM64
		{3BEBDDBA-55E4-4B48-B00D-2C171A57786A}.Release|x64.ActiveCfg = Release|x64
		{3BEBDDBA-55E4-4B48-B00D-2C171A57786A}.Release|x64.Build.0 = Release|x64
		{3BEBDDBA-55E4-4B48-B00D-2C171A57786A}.Release|x86.ActiveCfg = Release|Win32
		{3BEBDDBA-55E4-4B48-B00D-2C171A57786A}.Release|x86.Build.0 = Release|Win32
		{61A110DF-4CA4-4242-86AC-E5272CC73B7B}.Debug|arm64.ActiveCfg = Debug|ARM64
		{61A110DF-4CA4-4242-86AC-E5272CC73B7B}.Debug|arm64.Build.0 = Debug|ARM64
		{61A110DF-4CA4-4242-86AC-E5272CC73B7B}.Debug|x64.ActiveCfg = Debug|x64
		{61A110DF-4CA4-4242-86AC-E5272CC73B7B}.Debug|x64.Build.0 = Debug|x64
		{61A110DF-4CA4-4242-86AC-E5272CC73B7B}.Debug|x86.ActiveCfg = Debug|Win32
		{61A110DF-4CA4-4242-86AC-E5272CC73B7B}.Debug|x86.Build.0 = Debug|Win32
		{61A110DF-4CA4-4242-86AC-E5272CC73B7B}.Release|arm64.ActiveCfg = Release|ARM64
		{61A110DF-4CA4-4242-86AC-E5272CC73B7B}.Release|arm64.Build.0 = Release|ARM64
		{61A110DF-4CA4-4242-86AC-E5272CC73B7B}.Release|x64.ActiveCfg = Release|x64
		{61A110DF-4CA4-4242-86AC-E5272CC73B7B}.Release|x64.Build.0 = Release|x64
		{61A110DF-4CA4-4242-86AC-E5272CC73B7B}.Release|x86.ActiveCfg = Release|Win32
		{61A110DF-4CA4-4242-86AC-E5272CC73B7B}.Release|x86.Build.0 = Release|Win32
		{85A6D689-9AF8-44FE-89C4-FF6CA7CE97D3}.Debug|arm64.ActiveCfg = Debug|ARM64
		{85A6D689-9AF8-44FE-89C4-FF6CA7CE97D3}.Debug|arm64.Build.0 = Debug|ARM64
		{85A6D689-9AF8-44FE-89C4-FF6CA7CE97D3}.Debug|x64.ActiveCfg = Debug|x64
		{85A6D689-9AF8-44FE-89C4-FF6CA7CE97D3}.Debug|x64.Build.0 = Debug|x64
		{85A6D689-9AF8-44FE-89C4-FF6CA7CE97D3}.Debug|x86.ActiveCfg = Debug|Win32
		{85A6D689-9AF8-44FE-89C4-FF6CA7CE97D3}.Debug|x86.Build.0 = Debug|Win32
		{85A6D689-9AF8-44FE-89C4-FF6CA7CE97D3}.Release|arm64.ActiveCfg = Release|ARM64
		{85A6D689-9AF8-44FE-89C4-FF6CA7CE97D3}.Release|arm64.Build.0 = Release|ARM64
		{85A6D689-9AF8-44FE-89C4-FF6CA7CE97D3}.Release|x64.ActiveCfg = Release|x64
		{85A6D689-9AF8-44FE-89C4-FF6CA7CE97D3}.Release|x64.Build.0 = Release|x64
		{85A6D689-9AF8-44FE-89C4-FF6CA7CE97D3}.Release|x86.ActiveCfg = Release|Win32
		{85A6D689-9AF8-44FE-89C4-FF6CA7CE97D3}.Release|x86.Build.0 = Release|Win32
		{AC97450D-8C7D-4FBF-9C24-AF775B3E544D}.Debug|arm64.ActiveCfg = Debug|ARM64
		{AC97450D-8C7D-4FBF-9C24-AF775B3E544D}.Debug|arm64.Build.0 = Debug|ARM64
		{AC97450D-8C7D-4FBF-9C24-AF775B3E544D}.Debug|x64.ActiveCfg = Debug|x64
		{AC97450D-8C7D-4FBF-9C24-AF775B3E544D}.Debug|x64.Build.0 = Debug|x64
		{AC97450D-8C7D-4FBF-9C24-AF775B3E544D}.Debug|x86.ActiveCfg = Debug|Win32
		{AC97450D-8C7D-4FBF-9C24-AF775B3E544D}.Debug|x86.Build.0 = Debug|Win32
		{AC97450D-8C7D-4FBF-9C24-AF775B3E544D}.Release|arm64.ActiveCfg = Release|ARM64
		{AC97450D-8C7D-4FBF-9C24-AF775B3E544D}.Release|arm64.Build.0 = Release|ARM64
		{AC97450D-8C7D-4FBF-9C24-AF775B3E544D}.Release|x64.ActiveCfg = Release|x64
		{AC97450D-8C7D-4FBF-9C24-AF775B3E544D}.Release|x64.Build.0 = Release|x64
		{AC97450D-8C7D-4FBF-9C24-AF775B3E544D}.Release|x86.ActiveCfg = Release|Win32
		{AC97450D-8C7D-4FBF-9C24-AF775B3E544D}.Release|x86.Build.0 = Release|Win32
		{B84EF57D-F620-4CB3-9985-862D011B1785}.Debug|arm64.ActiveCfg = Debug|ARM64
		{B84EF57D-F620-4CB3-9985-862D011B1785}.Debug|arm64.Build.0 = Debug|ARM64
		{B84EF57D-F620-4CB3-9985-862D011B1785}.Debug|x64.ActiveCfg = Debug|x64
		{B84EF57D-F620-4CB3-9985-862D011B1785}.Debug|x64.Build.0 = Debug|x64
		{B84EF57D-F620-4CB3-9985-862D011B1785}.Debug|x86.ActiveCfg = Debug|Win32
		{B84EF57D-F620-4CB3-9985-862D011B1785}.Debug|x86.Build.0 = Debug|Win32
		{B84EF57D-F620-4CB3-9985-862D011B1785}.Release|arm64.ActiveCfg = Release|ARM64
		{B84EF57D-F620-4CB3-9985-862D011B1785}.Release|arm64.Build.0 = Release|ARM64
		{B84EF57D-F620-4CB3-9985-862D011B1785}.Release|x64.ActiveCfg = Release|x64
		{B84EF57D-F620-4CB3-9985-862D011B1785}.Release|x64.Build.0 = Release|x64
		{B84EF57D-F620-4CB3-9985-862D011B1785}.Release|x86.ActiveCfg = Release|Win32
		{B84EF57D-F620-4CB3-9985-862D011B1785}.Release|x86.Build.0 = Release|Win32
		{150BB8EE-AFD2-4B2D-96CC-AE0F168DD273}.Debug|arm64.ActiveCfg = Debug|ARM64
		{150BB8EE-AFD2-4B2D-96CC-AE0F168DD273}.Debug|arm64.Build.0 = Debug|ARM64
		{150BB8EE-AFD2-4B2D-96CC-AE0F168DD273}.Debug|x64.ActiveCfg = Debug|x64
		{150BB8EE-AFD2-4B2D-96CC-AE0F168DD273}.Debug|x64.Build.0 = Debug|x64
		{150BB8EE-AFD2-4B2D-96CC-AE0F168DD273}.Debug|x86.ActiveCfg = Debug|Win32
		{150BB8EE-AFD2-4B2D-96CC-AE0F168DD273}.Debug|x86.Build.0 = Debug|Win32
		{150BB8EE-AFD2-4B2D-96CC-AE0F168DD273}.Release|arm64.ActiveCfg = Release|ARM64
		{150BB8EE-AFD2-4B2D-96CC-AE0F168DD273}.Release|arm64.Build.0 = Release|ARM64
		{150BB8EE-AFD2-4B2D-96CC-AE0F168DD273}.Release|x64.ActiveCfg = Release|x64
		{150BB8EE-AFD2-4B2D-96CC-AE0F168DD273}.Release|x64.Build.0 = Release|x64
		{150BB8EE-AFD2-4B2D-96CC-AE0F168DD273}.Release|x86.ActiveCfg = Release|Win32
		{150BB8EE-AFD2-4B2D-96CC-AE0F168DD273}.Release|x86.Build.0 = Release|Win32
	EndGlobalSection
	GlobalSection(SolutionProperties) = preSolution
		HideSolutionNode = FALSE
	EndGlobalSection
	GlobalSection(NestedProjects) = preSolution
		{992EE7A5-6CCA-4716-A312-2E7C86F1A0ED} = {B2B68112-4087-4C23-BDDA-C45186978C3F}
		{03895177-0206-496A-A428-B3FCF8E0616C} = {606A1811-F74F-4D00-BC0D-2BD665BE71DD}
		{34A5572F-041E-41B4-85BA-92137D82981D} = {1A52E717-CF60-4C8E-9F3B-6A642321475A}
		{6A6D0F86-0C64-4602-B502-B3396B7DBB9A} = {F9FA2C56-EDEB-408B-BDC0-6C9274BAF675}
		{B54653EE-DD0F-41FC-87A9-5E8A88A2C4C2} = {8E52C514-C2B6-4BC1-B685-393827A43C56}
		{41507F2E-04F2-4A44-A63C-812772F4D6F2} = {1A52E717-CF60-4C8E-9F3B-6A642321475A}
		{1B2E2291-0864-465A-BBB3-6BA5BF35FE78} = {1A52E717-CF60-4C8E-9F3B-6A642321475A}
		{3BEBDDBA-55E4-4B48-B00D-2C171A57786A} = {1A52E717-CF60-4C8E-9F3B-6A642321475A}
		{61A110DF-4CA4-4242-86AC-E5272CC73B7B} = {1A52E717-CF60-4C8E-9F3B-6A642321475A}
		{85A6D689-9AF8-44FE-89C4-FF6CA7CE97D3} = {4D10E33A-CC2A-494A-84CB-DFE9D652BEC2}
		{AC97450D-8C7D-4FBF-9C24-AF775B3E544D} = {4D10E33A-CC2A-494A-84CB-DFE9D652BEC2}
		{B84EF57D-F620-4CB3-9985-862D011B1785} = {4D10E33A-CC2A-494A-84CB-DFE9D652BEC2}
		{150BB8EE-AFD2-4B2D-96CC-AE0F168DD273} = {4D10E33A-CC2A-494A-84CB-DFE9D652BEC2}
	EndGlobalSection
	GlobalSection(ExtensibilityGlobals) = postSolution
		SolutionGuid = {1FC92760-447D-40A0-B4BD-E218DA224992}
	EndGlobalSection
EndGlobal
