
Microsoft Visual Studio Solution File, Format Version 12.00
# Visual Studio Version 17
VisualStudioVersion = 17.5.33414.496
MinimumVisualStudioVersion = 10.0.40219.1
Project("{8BC9CEB8-8B4A-11D0-8D11-00A0C91BC942}") = "cpp.practice_1", "cpp.practice_1\cpp.practice_1.vcxproj", "{992EE7A5-6CCA-4716-A312-2E7C86F1A0ED}"
EndProject
Project("{8BC9CEB8-8B4A-11D0-8D11-00A0C91BC942}") = "cpp.practice_2", "cpp.practice_2\cpp.practice_2.vcxproj", "{03895177-0206-496A-A428-B3FCF8E0616C}"
EndProject
Project("{8BC9CEB8-8B4A-11D0-8D11-00A0C91BC942}") = "cpp.practice_3-1", "task3\task3.vcxproj", "{34A5572F-041E-41B4-85BA-92137D82981D}"
EndProject
Project("{8BC9CEB8-8B4A-11D0-8D11-00A0C91BC942}") = "cpp.practice_13", "cpp.practice_13\cpp.practice_13.vcxproj", "{6A6D0F86-0C64-4602-B502-B3396B7DBB9A}"
EndProject
Project("{8BC9CEB8-8B4A-11D0-8D11-00A0C91BC942}") = "cpp.practice_14", "cpp.practice_14\cpp.practice_14.vcxproj", "{B54653EE-DD0F-41FC-87A9-5E8A88A2C4C2}"
EndProject
Project("{2150E333-8FDC-42A3-9474-1A3956D46DE8}") = "practice3", "practice3", "{1A52E717-CF60-4C8E-9F3B-6A642321475A}"
EndProject
Project("{8BC9CEB8-8B4A-11D0-8D11-00A0C91BC942}") = "cpp.practice_3-2", "cpp.practice3-2\cpp.practice3-2.vcxproj", "{41507F2E-04F2-4A44-A63C-812772F4D6F2}"
EndProject
Project("{2150E333-8FDC-42A3-9474-1A3956D46DE8}") = "practice1", "practice1", "{B2B68112-4087-4C23-BDDA-C45186978C3F}"
EndProject
Project("{2150E333-8FDC-42A3-9474-1A3956D46DE8}") = "practice2", "practice2", "{606A1811-F74F-4D00-BC0D-2BD665BE71DD}"
EndProject
Project("{2150E333-8FDC-42A3-9474-1A3956D46DE8}") = "practice13", "practice13", "{F9FA2C56-EDEB-408B-BDC0-6C9274BAF675}"
EndProject
Project("{2150E333-8FDC-42A3-9474-1A3956D46DE8}") = "practice14", "practice14", "{8E52C514-C2B6-4BC1-B685-393827A43C56}"
EndProject
Project("{8BC9CEB8-8B4A-11D0-8D11-00A0C91BC942}") = "cpp.practice_3-3", "cpp.practice_3-3\cpp.practice_3-3.vcxproj", "{1B2E2291-0864-465A-BBB3-6BA5BF35FE78}"
EndProject
Project("{8BC9CEB8-8B4A-11D0-8D11-00A0C91BC942}") = "cpp.practice_3-4", "cpp.practice_3-4\cpp.practice_3-4.vcxproj", "{3BEBDDBA-55E4-4B48-B00D-2C171A57786A}"
EndProject
Project("{8BC9CEB8-8B4A-11D0-8D11-00A0C91BC942}") = "cpp.practice_3-5", "cpp.practice_3-5\cpp.practice_3-5.vcxproj", "{61A110DF-4CA4-4242-86AC-E5272CC73B7B}"
EndProject
Project("{2150E333-8FDC-42A3-9474-1A3956D46DE8}") = "practice5", "practice5", "{4D10E33A-CC2A-494A-84CB-DFE9D652BEC2}"
EndProject
Project("{8BC9CEB8-8B4A-11D0-8D11-00A0C91BC942}") = "cpp.practice_5-1", "cpp.practice_4-1\cpp.practice_4-1.vcxproj", "{85A6D689-9AF8-44FE-89C4-FF6CA7CE97D3}"
EndProject
Project("{8BC9CEB8-8B4A-11D0-8D11-00A0C91BC942}") = "cpp.practice_5-2", "cpp.practice_5-2\cpp.practice_5-2.vcxproj", "{AC97450D-8C7D-4FBF-9C24-AF775B3E544D}"
EndProject
Project("{8BC9CEB8-8B4A-11D0-8D11-00A0C91BC942}") = "cpp.practice_5-3", "cpp.practice_5-3\cpp.practice_5-3.vcxproj", "{B84EF57D-F620-4CB3-9985-862D011B1785}"
EndProject
Project("{8BC9CEB8-8B4A-11D0-8D11-00A0C91BC942}") = "cpp.practice_5-4", "cpp.practice_5-4\cpp.practice_5-4.vcxproj", "{150BB8EE-AFD2-4B2D-96CC-AE0F168DD273}"
EndProject
Project("{2150E333-8FDC-42A3-9474-1A3956D46DE8}") = "practice4", "practice4", "{061DC634-4038-42E1-8D24-F67E1755B5B7}"
EndProject
Project("{8BC9CEB8-8B4A-11D0-8D11-00A0C91BC942}") = "cpp.practice-4-1", "cpp.practice-4-1\cpp.practice-4-1.vcxproj", "{84D6D7BC-95CC-4D87-9116-AFA4E51AEA17}"
EndProject
Project("{8BC9CEB8-8B4A-11D0-8D11-00A0C91BC942}") = "cpp.practice-4-2", "cpp.practice-4-2\cpp.practice-4-2.vcxproj", "{234F9D12-3885-4621-BF4A-5E68DBEA8CF7}"
EndProject
Project("{2150E333-8FDC-42A3-9474-1A3956D46DE8}") = "practice7", "practice7", "{62148C09-A4B1-4923-9CA7-A0E3881FFED8}"
EndProject
Project("{2150E333-8FDC-42A3-9474-1A3956D46DE8}") = "practice6", "practice6", "{D64CF1F6-415A-4FE2-9BF9-8DBAAFC7C36D}"
EndProject
Project("{8BC9CEB8-8B4A-11D0-8D11-00A0C91BC942}") = "cpp.practice_6-1", "cpp.practice_6-1\cpp.practice_6-1.vcxproj", "{96EFEDB0-114D-43B6-AEEA-9192256EBA62}"
EndProject
Project("{8BC9CEB8-8B4A-11D0-8D11-00A0C91BC942}") = "cpp.practice_6-2", "cpp.practice_6-2\cpp.practice_6-2.vcxproj", "{232A82D1-FFCF-4069-9041-0CB8028B6F1C}"
EndProject
Project("{8BC9CEB8-8B4A-11D0-8D11-00A0C91BC942}") = "cpp.practice_6-test", "cpp.practice_6-test\cpp.practice_6-test.vcxproj", "{EEA53888-6C04-4E7B-9DFD-EB3858C461EE}"
EndProject
Project("{8BC9CEB8-8B4A-11D0-8D11-00A0C91BC942}") = "cpp.practice_7-1", "cpp.paractice_7-1\cpp.paractice_7-1.vcxproj", "{047D4423-7E06-41BB-83A0-ABC07C5D9E3D}"
EndProject
Project("{8BC9CEB8-8B4A-11D0-8D11-00A0C91BC942}") = "cpp.practice_7-test1", "cpp.practice_7-test1\cpp.practice_7-test1.vcxproj", "{E670CADB-2352-4B37-9A13-727410E0AB14}"
EndProject
Project("{8BC9CEB8-8B4A-11D0-8D11-00A0C91BC942}") = "cpp.practice_7-2", "cpp.practice_7-2\cpp.practice_7-2.vcxproj", "{C5F3F44A-4C6F-4296-957A-6A18FC055BAF}"
EndProject
Project("{8BC9CEB8-8B4A-11D0-8D11-00A0C91BC942}") = "cpp.practice_7-test2", "cpp.practice_7.test-2\cpp.practice_7.test-2.vcxproj", "{F248D404-4C74-4FAB-9361-FD00EFB82C62}"
EndProject
Project("{8BC9CEB8-8B4A-11D0-8D11-00A0C91BC942}") = "cpp.practice_7-3", "cpp.practice_7-3\cpp.practice_7-3.vcxproj", "{787A0FD3-BD7B-4ECD-8547-C9EA5F6EA219}"
EndProject
Project("{2150E333-8FDC-42A3-9474-1A3956D46DE8}") = "practice8", "practice8", "{0AE5B650-99C1-4C43-91E0-C444A506B55C}"
EndProject
Project("{2150E333-8FDC-42A3-9474-1A3956D46DE8}") = "practice9", "practice9", "{3CDDCBE7-148E-4D14-BBA9-B5E1866A5568}"
EndProject
Project("{8BC9CEB8-8B4A-11D0-8D11-00A0C91BC942}") = "cpp.lesson_9", "cpp.practice-9\cpp.lesson_9\cpp.lesson_9.vcxproj", "{4F0BC946-39EC-4415-ACAD-A2778B7442B9}"
EndProject
Project("{8BC9CEB8-8B4A-11D0-8D11-00A0C91BC942}") = "cpp.lesson8", "cpp.practice-8\cpp.lesson8\cpp.lesson8.vcxproj", "{8EBABAAE-DCD4-4E73-A9C6-B78ED5A89219}"
EndProject
Project("{8BC9CEB8-8B4A-11D0-8D11-00A0C91BC942}") = "cpp.lesson8-2-3", "cpp.practice-8\cpp.lesson8-2-3\cpp.lesson8-2-3.vcxproj", "{30FD7152-5FC3-499B-9AA8-D273DB06EA55}"
EndProject
Project("{8BC9CEB8-8B4A-11D0-8D11-00A0C91BC942}") = "cpp.practice-8-1_Time", "cpp.practice-8\cpp.practice8-1\cpp.practice8-1.vcxproj", "{F6FFF26B-6F59-4DED-BB1D-FF38DE213EC7}"
EndProject
Project("{8BC9CEB8-8B4A-11D0-8D11-00A0C91BC942}") = "cpp.practice-9_1", "cpp.practice-9\cpp.practice-9_1\cpp.practice-9_1.vcxproj", "{6F4A2A7B-F12A-4C74-80B2-9D81A84B38B1}"
EndProject
Project("{8BC9CEB8-8B4A-11D0-8D11-00A0C91BC942}") = "cpp.practice9_2", "cpp.practice-9\cpp.practice9_2\cpp.practice9_2.vcxproj", "{4324D5D2-D11D-4D25-B60B-7B869AC9DA05}"
EndProject
Project("{2150E333-8FDC-42A3-9474-1A3956D46DE8}") = "practice10", "practice10", "{A7BE28EF-07DC-4B9E-B363-345536CC149F}"
EndProject
Project("{8BC9CEB8-8B4A-11D0-8D11-00A0C91BC942}") = "practice10_1", "cpp.practice-10\practice10_1\practice10_1.vcxproj", "{4489AB21-497B-4615-9BAA-C0B0C04CF578}"
EndProject
Project("{2150E333-8FDC-42A3-9474-1A3956D46DE8}") = "practice11", "practice11", "{CAAE7C05-5538-4929-AEC0-8F4BD5DEB2B8}"
EndProject
Project("{8BC9CEB8-8B4A-11D0-8D11-00A0C91BC942}") = "practice11_1", "cpp.practice-11\Cpp.practice11-1\Cpp.practice11-1.vcxproj", "{28DC447E-C889-4739-9A28-3FCF9796C079}"
EndProject
Project("{8BC9CEB8-8B4A-11D0-8D11-00A0C91BC942}") = "cpp.practice11-2", "cpp.practice-11\cpp.practice11-2\cpp.practice11-2.vcxproj", "{70A105D7-2BCE-4DCF-8F14-1D64732C7D04}"
EndProject
Project("{8BC9CEB8-8B4A-11D0-8D11-00A0C91BC942}") = "project13-1", "cpp.practice_13\project13-1\project13-1.vcxproj", "{417F4285-269C-4A60-8D9F-97D306A2E57A}"
EndProject
Project("{8BC9CEB8-8B4A-11D0-8D11-00A0C91BC942}") = "practice14-1", "cpp.practice_14\practice14-1\practice14-1.vcxproj", "{983C59B3-A6F2-4829-A250-2DE0837B96DA}"
EndProject
Project("{8BC9CEB8-8B4A-11D0-8D11-00A0C91BC942}") = "practice14-2", "cpp.practice_14\practice14-2\practice14-2.vcxproj", "{556E66D9-FD0D-4FEF-95FC-6ED5D07860AF}"
EndProject
Project("{2150E333-8FDC-42A3-9474-1A3956D46DE8}") = "practice15", "practice15", "{64CB5A8F-DF4F-4928-B277-CDC30DFDBE21}"
EndProject
Project("{8BC9CEB8-8B4A-11D0-8D11-00A0C91BC942}") = "practice15-1", "cpp.practice-15\practice15-1\practice15-1.vcxproj", "{8E7D6E6B-9F3F-42B8-9285-1231FB7EB976}"
EndProject
Project("{2150E333-8FDC-42A3-9474-1A3956D46DE8}") = "FinalTask", "FinalTask", "{E1D2B8B2-15B6-443C-920D-692E1ED9C290}"
EndProject
Project("{8BC9CEB8-8B4A-11D0-8D11-00A0C91BC942}") = "cpp.FinalTask", "FinalTask\cpp.FinalTask\cpp.FinalTask.vcxproj", "{7FE6966D-1DBC-4550-9C38-0E1527F18974}"
EndProject
Project("{2150E333-8FDC-42A3-9474-1A3956D46DE8}") = "test", "test", "{192DAC35-4C5C-45D1-BF26-4E8AEBC2F1CB}"
EndProject
Project("{8BC9CEB8-8B4A-11D0-8D11-00A0C91BC942}") = "cpp.test_solution_1", "TestCpp\cpp.test_solution_1\cpp.test_solution_1.vcxproj", "{916550FE-3197-4AC9-B9C9-94F2D09787C6}"
EndProject
Project("{8BC9CEB8-8B4A-11D0-8D11-00A0C91BC942}") = "cpp.test_solution2", "TestCpp\cpp.test_solution2\cpp.test_solution2.vcxproj", "{DD3E1D04-54BB-4C80-829F-3F2BCD156F06}"
EndProject
Project("{8BC9CEB8-8B4A-11D0-8D11-00A0C91BC942}") = "cpp.test-solution-3", "TestCpp\cpp.test-solution-3\cpp.test-solution-3.vcxproj", "{E75CEAD5-97F2-4C81-9CCC-AFC447C37E72}"
EndProject
Project("{8BC9CEB8-8B4A-11D0-8D11-00A0C91BC942}") = "cpp.test-solution-4", "TestCpp\cpp,test-solution-4\cpp,test-solution-4.vcxproj", "{243F11A1-A08B-4559-B940-5618D82CE5DA}"
EndProject
Global
	GlobalSection(SolutionConfigurationPlatforms) = preSolution
		Debug|arm64 = Debug|arm64
		Debug|x64 = Debug|x64
		Debug|x86 = Debug|x86
		Release|arm64 = Release|arm64
		Release|x64 = Release|x64
		Release|x86 = Release|x86
	EndGlobalSection
	GlobalSection(ProjectConfigurationPlatforms) = postSolution
		{992EE7A5-6CCA-4716-A312-2E7C86F1A0ED}.Debug|arm64.ActiveCfg = Debug|arm64
		{992EE7A5-6CCA-4716-A312-2E7C86F1A0ED}.Debug|arm64.Build.0 = Debug|arm64
		{992EE7A5-6CCA-4716-A312-2E7C86F1A0ED}.Debug|x64.ActiveCfg = Debug|x64
		{992EE7A5-6CCA-4716-A312-2E7C86F1A0ED}.Debug|x64.Build.0 = Debug|x64
		{992EE7A5-6CCA-4716-A312-2E7C86F1A0ED}.Debug|x86.ActiveCfg = Debug|Win32
		{992EE7A5-6CCA-4716-A312-2E7C86F1A0ED}.Debug|x86.Build.0 = Debug|Win32
		{992EE7A5-6CCA-4716-A312-2E7C86F1A0ED}.Release|arm64.ActiveCfg = Release|arm64
		{992EE7A5-6CCA-4716-A312-2E7C86F1A0ED}.Release|arm64.Build.0 = Release|arm64
		{992EE7A5-6CCA-4716-A312-2E7C86F1A0ED}.Release|x64.ActiveCfg = Release|x64
		{992EE7A5-6CCA-4716-A312-2E7C86F1A0ED}.Release|x64.Build.0 = Release|x64
		{992EE7A5-6CCA-4716-A312-2E7C86F1A0ED}.Release|x86.ActiveCfg = Release|Win32
		{992EE7A5-6CCA-4716-A312-2E7C86F1A0ED}.Release|x86.Build.0 = Release|Win32
		{03895177-0206-496A-A428-B3FCF8E0616C}.Debug|arm64.ActiveCfg = Debug|arm64
		{03895177-0206-496A-A428-B3FCF8E0616C}.Debug|arm64.Build.0 = Debug|arm64
		{03895177-0206-496A-A428-B3FCF8E0616C}.Debug|x64.ActiveCfg = Debug|x64
		{03895177-0206-496A-A428-B3FCF8E0616C}.Debug|x64.Build.0 = Debug|x64
		{03895177-0206-496A-A428-B3FCF8E0616C}.Debug|x86.ActiveCfg = Debug|Win32
		{03895177-0206-496A-A428-B3FCF8E0616C}.Debug|x86.Build.0 = Debug|Win32
		{03895177-0206-496A-A428-B3FCF8E0616C}.Release|arm64.ActiveCfg = Release|arm64
		{03895177-0206-496A-A428-B3FCF8E0616C}.Release|arm64.Build.0 = Release|arm64
		{03895177-0206-496A-A428-B3FCF8E0616C}.Release|x64.ActiveCfg = Release|x64
		{03895177-0206-496A-A428-B3FCF8E0616C}.Release|x64.Build.0 = Release|x64
		{03895177-0206-496A-A428-B3FCF8E0616C}.Release|x86.ActiveCfg = Release|Win32
		{03895177-0206-496A-A428-B3FCF8E0616C}.Release|x86.Build.0 = Release|Win32
		{34A5572F-041E-41B4-85BA-92137D82981D}.Debug|arm64.ActiveCfg = Debug|arm64
		{34A5572F-041E-41B4-85BA-92137D82981D}.Debug|arm64.Build.0 = Debug|arm64
		{34A5572F-041E-41B4-85BA-92137D82981D}.Debug|x64.ActiveCfg = Debug|x64
		{34A5572F-041E-41B4-85BA-92137D82981D}.Debug|x64.Build.0 = Debug|x64
		{34A5572F-041E-41B4-85BA-92137D82981D}.Debug|x86.ActiveCfg = Debug|Win32
		{34A5572F-041E-41B4-85BA-92137D82981D}.Debug|x86.Build.0 = Debug|Win32
		{34A5572F-041E-41B4-85BA-92137D82981D}.Release|arm64.ActiveCfg = Release|arm64
		{34A5572F-041E-41B4-85BA-92137D82981D}.Release|arm64.Build.0 = Release|arm64
		{34A5572F-041E-41B4-85BA-92137D82981D}.Release|x64.ActiveCfg = Release|x64
		{34A5572F-041E-41B4-85BA-92137D82981D}.Release|x64.Build.0 = Release|x64
		{34A5572F-041E-41B4-85BA-92137D82981D}.Release|x86.ActiveCfg = Release|Win32
		{34A5572F-041E-41B4-85BA-92137D82981D}.Release|x86.Build.0 = Release|Win32
		{6A6D0F86-0C64-4602-B502-B3396B7DBB9A}.Debug|arm64.ActiveCfg = Debug|arm64
		{6A6D0F86-0C64-4602-B502-B3396B7DBB9A}.Debug|arm64.Build.0 = Debug|arm64
		{6A6D0F86-0C64-4602-B502-B3396B7DBB9A}.Debug|x64.ActiveCfg = Debug|x64
		{6A6D0F86-0C64-4602-B502-B3396B7DBB9A}.Debug|x64.Build.0 = Debug|x64
		{6A6D0F86-0C64-4602-B502-B3396B7DBB9A}.Debug|x86.ActiveCfg = Debug|Win32
		{6A6D0F86-0C64-4602-B502-B3396B7DBB9A}.Debug|x86.Build.0 = Debug|Win32
		{6A6D0F86-0C64-4602-B502-B3396B7DBB9A}.Release|arm64.ActiveCfg = Release|arm64
		{6A6D0F86-0C64-4602-B502-B3396B7DBB9A}.Release|arm64.Build.0 = Release|arm64
		{6A6D0F86-0C64-4602-B502-B3396B7DBB9A}.Release|x64.ActiveCfg = Release|x64
		{6A6D0F86-0C64-4602-B502-B3396B7DBB9A}.Release|x64.Build.0 = Release|x64
		{6A6D0F86-0C64-4602-B502-B3396B7DBB9A}.Release|x86.ActiveCfg = Release|Win32
		{6A6D0F86-0C64-4602-B502-B3396B7DBB9A}.Release|x86.Build.0 = Release|Win32
		{B54653EE-DD0F-41FC-87A9-5E8A88A2C4C2}.Debug|arm64.ActiveCfg = Debug|arm64
		{B54653EE-DD0F-41FC-87A9-5E8A88A2C4C2}.Debug|arm64.Build.0 = Debug|arm64
		{B54653EE-DD0F-41FC-87A9-5E8A88A2C4C2}.Debug|x64.ActiveCfg = Debug|x64
		{B54653EE-DD0F-41FC-87A9-5E8A88A2C4C2}.Debug|x64.Build.0 = Debug|x64
		{B54653EE-DD0F-41FC-87A9-5E8A88A2C4C2}.Debug|x86.ActiveCfg = Debug|Win32
		{B54653EE-DD0F-41FC-87A9-5E8A88A2C4C2}.Debug|x86.Build.0 = Debug|Win32
		{B54653EE-DD0F-41FC-87A9-5E8A88A2C4C2}.Release|arm64.ActiveCfg = Release|arm64
		{B54653EE-DD0F-41FC-87A9-5E8A88A2C4C2}.Release|arm64.Build.0 = Release|arm64
		{B54653EE-DD0F-41FC-87A9-5E8A88A2C4C2}.Release|x64.ActiveCfg = Release|x64
		{B54653EE-DD0F-41FC-87A9-5E8A88A2C4C2}.Release|x64.Build.0 = Release|x64
		{B54653EE-DD0F-41FC-87A9-5E8A88A2C4C2}.Release|x86.ActiveCfg = Release|Win32
		{B54653EE-DD0F-41FC-87A9-5E8A88A2C4C2}.Release|x86.Build.0 = Release|Win32
		{41507F2E-04F2-4A44-A63C-812772F4D6F2}.Debug|arm64.ActiveCfg = Debug|ARM64
		{41507F2E-04F2-4A44-A63C-812772F4D6F2}.Debug|arm64.Build.0 = Debug|ARM64
		{41507F2E-04F2-4A44-A63C-812772F4D6F2}.Debug|x64.ActiveCfg = Debug|x64
		{41507F2E-04F2-4A44-A63C-812772F4D6F2}.Debug|x64.Build.0 = Debug|x64
		{41507F2E-04F2-4A44-A63C-812772F4D6F2}.Debug|x86.ActiveCfg = Debug|Win32
		{41507F2E-04F2-4A44-A63C-812772F4D6F2}.Debug|x86.Build.0 = Debug|Win32
		{41507F2E-04F2-4A44-A63C-812772F4D6F2}.Release|arm64.ActiveCfg = Release|ARM64
		{41507F2E-04F2-4A44-A63C-812772F4D6F2}.Release|arm64.Build.0 = Release|ARM64
		{41507F2E-04F2-4A44-A63C-812772F4D6F2}.Release|x64.ActiveCfg = Release|x64
		{41507F2E-04F2-4A44-A63C-812772F4D6F2}.Release|x64.Build.0 = Release|x64
		{41507F2E-04F2-4A44-A63C-812772F4D6F2}.Release|x86.ActiveCfg = Release|Win32
		{41507F2E-04F2-4A44-A63C-812772F4D6F2}.Release|x86.Build.0 = Release|Win32
		{1B2E2291-0864-465A-BBB3-6BA5BF35FE78}.Debug|arm64.ActiveCfg = Debug|ARM64
		{1B2E2291-0864-465A-BBB3-6BA5BF35FE78}.Debug|arm64.Build.0 = Debug|ARM64
		{1B2E2291-0864-465A-BBB3-6BA5BF35FE78}.Debug|x64.ActiveCfg = Debug|x64
		{1B2E2291-0864-465A-BBB3-6BA5BF35FE78}.Debug|x64.Build.0 = Debug|x64
		{1B2E2291-0864-465A-BBB3-6BA5BF35FE78}.Debug|x86.ActiveCfg = Debug|Win32
		{1B2E2291-0864-465A-BBB3-6BA5BF35FE78}.Debug|x86.Build.0 = Debug|Win32
		{1B2E2291-0864-465A-BBB3-6BA5BF35FE78}.Release|arm64.ActiveCfg = Release|ARM64
		{1B2E2291-0864-465A-BBB3-6BA5BF35FE78}.Release|arm64.Build.0 = Release|ARM64
		{1B2E2291-0864-465A-BBB3-6BA5BF35FE78}.Release|x64.ActiveCfg = Release|x64
		{1B2E2291-0864-465A-BBB3-6BA5BF35FE78}.Release|x64.Build.0 = Release|x64
		{1B2E2291-0864-465A-BBB3-6BA5BF35FE78}.Release|x86.ActiveCfg = Release|Win32
		{1B2E2291-0864-465A-BBB3-6BA5BF35FE78}.Release|x86.Build.0 = Release|Win32
		{3BEBDDBA-55E4-4B48-B00D-2C171A57786A}.Debug|arm64.ActiveCfg = Debug|ARM64
		{3BEBDDBA-55E4-4B48-B00D-2C171A57786A}.Debug|arm64.Build.0 = Debug|ARM64
		{3BEBDDBA-55E4-4B48-B00D-2C171A57786A}.Debug|x64.ActiveCfg = Debug|x64
		{3BEBDDBA-55E4-4B48-B00D-2C171A57786A}.Debug|x64.Build.0 = Debug|x64
		{3BEBDDBA-55E4-4B48-B00D-2C171A57786A}.Debug|x86.ActiveCfg = Debug|Win32
		{3BEBDDBA-55E4-4B48-B00D-2C171A57786A}.Debug|x86.Build.0 = Debug|Win32
		{3BEBDDBA-55E4-4B48-B00D-2C171A57786A}.Release|arm64.ActiveCfg = Release|ARM64
		{3BEBDDBA-55E4-4B48-B00D-2C171A57786A}.Release|arm64.Build.0 = Release|ARM64
		{3BEBDDBA-55E4-4B48-B00D-2C171A57786A}.Release|x64.ActiveCfg = Release|x64
		{3BEBDDBA-55E4-4B48-B00D-2C171A57786A}.Release|x64.Build.0 = Release|x64
		{3BEBDDBA-55E4-4B48-B00D-2C171A57786A}.Release|x86.ActiveCfg = Release|Win32
		{3BEBDDBA-55E4-4B48-B00D-2C171A57786A}.Release|x86.Build.0 = Release|Win32
		{61A110DF-4CA4-4242-86AC-E5272CC73B7B}.Debug|arm64.ActiveCfg = Debug|ARM64
		{61A110DF-4CA4-4242-86AC-E5272CC73B7B}.Debug|arm64.Build.0 = Debug|ARM64
		{61A110DF-4CA4-4242-86AC-E5272CC73B7B}.Debug|x64.ActiveCfg = Debug|x64
		{61A110DF-4CA4-4242-86AC-E5272CC73B7B}.Debug|x64.Build.0 = Debug|x64
		{61A110DF-4CA4-4242-86AC-E5272CC73B7B}.Debug|x86.ActiveCfg = Debug|Win32
		{61A110DF-4CA4-4242-86AC-E5272CC73B7B}.Debug|x86.Build.0 = Debug|Win32
		{61A110DF-4CA4-4242-86AC-E5272CC73B7B}.Release|arm64.ActiveCfg = Release|ARM64
		{61A110DF-4CA4-4242-86AC-E5272CC73B7B}.Release|arm64.Build.0 = Release|ARM64
		{61A110DF-4CA4-4242-86AC-E5272CC73B7B}.Release|x64.ActiveCfg = Release|x64
		{61A110DF-4CA4-4242-86AC-E5272CC73B7B}.Release|x64.Build.0 = Release|x64
		{61A110DF-4CA4-4242-86AC-E5272CC73B7B}.Release|x86.ActiveCfg = Release|Win32
		{61A110DF-4CA4-4242-86AC-E5272CC73B7B}.Release|x86.Build.0 = Release|Win32
		{85A6D689-9AF8-44FE-89C4-FF6CA7CE97D3}.Debug|arm64.ActiveCfg = Debug|ARM64
		{85A6D689-9AF8-44FE-89C4-FF6CA7CE97D3}.Debug|arm64.Build.0 = Debug|ARM64
		{85A6D689-9AF8-44FE-89C4-FF6CA7CE97D3}.Debug|x64.ActiveCfg = Debug|x64
		{85A6D689-9AF8-44FE-89C4-FF6CA7CE97D3}.Debug|x64.Build.0 = Debug|x64
		{85A6D689-9AF8-44FE-89C4-FF6CA7CE97D3}.Debug|x86.ActiveCfg = Debug|Win32
		{85A6D689-9AF8-44FE-89C4-FF6CA7CE97D3}.Debug|x86.Build.0 = Debug|Win32
		{85A6D689-9AF8-44FE-89C4-FF6CA7CE97D3}.Release|arm64.ActiveCfg = Release|ARM64
		{85A6D689-9AF8-44FE-89C4-FF6CA7CE97D3}.Release|arm64.Build.0 = Release|ARM64
		{85A6D689-9AF8-44FE-89C4-FF6CA7CE97D3}.Release|x64.ActiveCfg = Release|x64
		{85A6D689-9AF8-44FE-89C4-FF6CA7CE97D3}.Release|x64.Build.0 = Release|x64
		{85A6D689-9AF8-44FE-89C4-FF6CA7CE97D3}.Release|x86.ActiveCfg = Release|Win32
		{85A6D689-9AF8-44FE-89C4-FF6CA7CE97D3}.Release|x86.Build.0 = Release|Win32
		{AC97450D-8C7D-4FBF-9C24-AF775B3E544D}.Debug|arm64.ActiveCfg = Debug|ARM64
		{AC97450D-8C7D-4FBF-9C24-AF775B3E544D}.Debug|arm64.Build.0 = Debug|ARM64
		{AC97450D-8C7D-4FBF-9C24-AF775B3E544D}.Debug|x64.ActiveCfg = Debug|x64
		{AC97450D-8C7D-4FBF-9C24-AF775B3E544D}.Debug|x64.Build.0 = Debug|x64
		{AC97450D-8C7D-4FBF-9C24-AF775B3E544D}.Debug|x86.ActiveCfg = Debug|Win32
		{AC97450D-8C7D-4FBF-9C24-AF775B3E544D}.Debug|x86.Build.0 = Debug|Win32
		{AC97450D-8C7D-4FBF-9C24-AF775B3E544D}.Release|arm64.ActiveCfg = Release|ARM64
		{AC97450D-8C7D-4FBF-9C24-AF775B3E544D}.Release|arm64.Build.0 = Release|ARM64
		{AC97450D-8C7D-4FBF-9C24-AF775B3E544D}.Release|x64.ActiveCfg = Release|x64
		{AC97450D-8C7D-4FBF-9C24-AF775B3E544D}.Release|x64.Build.0 = Release|x64
		{AC97450D-8C7D-4FBF-9C24-AF775B3E544D}.Release|x86.ActiveCfg = Release|Win32
		{AC97450D-8C7D-4FBF-9C24-AF775B3E544D}.Release|x86.Build.0 = Release|Win32
		{B84EF57D-F620-4CB3-9985-862D011B1785}.Debug|arm64.ActiveCfg = Debug|ARM64
		{B84EF57D-F620-4CB3-9985-862D011B1785}.Debug|arm64.Build.0 = Debug|ARM64
		{B84EF57D-F620-4CB3-9985-862D011B1785}.Debug|x64.ActiveCfg = Debug|x64
		{B84EF57D-F620-4CB3-9985-862D011B1785}.Debug|x64.Build.0 = Debug|x64
		{B84EF57D-F620-4CB3-9985-862D011B1785}.Debug|x86.ActiveCfg = Debug|Win32
		{B84EF57D-F620-4CB3-9985-862D011B1785}.Debug|x86.Build.0 = Debug|Win32
		{B84EF57D-F620-4CB3-9985-862D011B1785}.Release|arm64.ActiveCfg = Release|ARM64
		{B84EF57D-F620-4CB3-9985-862D011B1785}.Release|arm64.Build.0 = Release|ARM64
		{B84EF57D-F620-4CB3-9985-862D011B1785}.Release|x64.ActiveCfg = Release|x64
		{B84EF57D-F620-4CB3-9985-862D011B1785}.Release|x64.Build.0 = Release|x64
		{B84EF57D-F620-4CB3-9985-862D011B1785}.Release|x86.ActiveCfg = Release|Win32
		{B84EF57D-F620-4CB3-9985-862D011B1785}.Release|x86.Build.0 = Release|Win32
		{150BB8EE-AFD2-4B2D-96CC-AE0F168DD273}.Debug|arm64.ActiveCfg = Debug|ARM64
		{150BB8EE-AFD2-4B2D-96CC-AE0F168DD273}.Debug|arm64.Build.0 = Debug|ARM64
		{150BB8EE-AFD2-4B2D-96CC-AE0F168DD273}.Debug|x64.ActiveCfg = Debug|x64
		{150BB8EE-AFD2-4B2D-96CC-AE0F168DD273}.Debug|x64.Build.0 = Debug|x64
		{150BB8EE-AFD2-4B2D-96CC-AE0F168DD273}.Debug|x86.ActiveCfg = Debug|Win32
		{150BB8EE-AFD2-4B2D-96CC-AE0F168DD273}.Debug|x86.Build.0 = Debug|Win32
		{150BB8EE-AFD2-4B2D-96CC-AE0F168DD273}.Release|arm64.ActiveCfg = Release|ARM64
		{150BB8EE-AFD2-4B2D-96CC-AE0F168DD273}.Release|arm64.Build.0 = Release|ARM64
		{150BB8EE-AFD2-4B2D-96CC-AE0F168DD273}.Release|x64.ActiveCfg = Release|x64
		{150BB8EE-AFD2-4B2D-96CC-AE0F168DD273}.Release|x64.Build.0 = Release|x64
		{150BB8EE-AFD2-4B2D-96CC-AE0F168DD273}.Release|x86.ActiveCfg = Release|Win32
		{150BB8EE-AFD2-4B2D-96CC-AE0F168DD273}.Release|x86.Build.0 = Release|Win32
		{84D6D7BC-95CC-4D87-9116-AFA4E51AEA17}.Debug|arm64.ActiveCfg = Debug|ARM64
		{84D6D7BC-95CC-4D87-9116-AFA4E51AEA17}.Debug|arm64.Build.0 = Debug|ARM64
		{84D6D7BC-95CC-4D87-9116-AFA4E51AEA17}.Debug|x64.ActiveCfg = Debug|x64
		{84D6D7BC-95CC-4D87-9116-AFA4E51AEA17}.Debug|x64.Build.0 = Debug|x64
		{84D6D7BC-95CC-4D87-9116-AFA4E51AEA17}.Debug|x86.ActiveCfg = Debug|Win32
		{84D6D7BC-95CC-4D87-9116-AFA4E51AEA17}.Debug|x86.Build.0 = Debug|Win32
		{84D6D7BC-95CC-4D87-9116-AFA4E51AEA17}.Release|arm64.ActiveCfg = Release|ARM64
		{84D6D7BC-95CC-4D87-9116-AFA4E51AEA17}.Release|arm64.Build.0 = Release|ARM64
		{84D6D7BC-95CC-4D87-9116-AFA4E51AEA17}.Release|x64.ActiveCfg = Release|x64
		{84D6D7BC-95CC-4D87-9116-AFA4E51AEA17}.Release|x64.Build.0 = Release|x64
		{84D6D7BC-95CC-4D87-9116-AFA4E51AEA17}.Release|x86.ActiveCfg = Release|Win32
		{84D6D7BC-95CC-4D87-9116-AFA4E51AEA17}.Release|x86.Build.0 = Release|Win32
		{234F9D12-3885-4621-BF4A-5E68DBEA8CF7}.Debug|arm64.ActiveCfg = Debug|ARM64
		{234F9D12-3885-4621-BF4A-5E68DBEA8CF7}.Debug|arm64.Build.0 = Debug|ARM64
		{234F9D12-3885-4621-BF4A-5E68DBEA8CF7}.Debug|x64.ActiveCfg = Debug|x64
		{234F9D12-3885-4621-BF4A-5E68DBEA8CF7}.Debug|x64.Build.0 = Debug|x64
		{234F9D12-3885-4621-BF4A-5E68DBEA8CF7}.Debug|x86.ActiveCfg = Debug|Win32
		{234F9D12-3885-4621-BF4A-5E68DBEA8CF7}.Debug|x86.Build.0 = Debug|Win32
		{234F9D12-3885-4621-BF4A-5E68DBEA8CF7}.Release|arm64.ActiveCfg = Release|ARM64
		{234F9D12-3885-4621-BF4A-5E68DBEA8CF7}.Release|arm64.Build.0 = Release|ARM64
		{234F9D12-3885-4621-BF4A-5E68DBEA8CF7}.Release|x64.ActiveCfg = Release|x64
		{234F9D12-3885-4621-BF4A-5E68DBEA8CF7}.Release|x64.Build.0 = Release|x64
		{234F9D12-3885-4621-BF4A-5E68DBEA8CF7}.Release|x86.ActiveCfg = Release|Win32
		{234F9D12-3885-4621-BF4A-5E68DBEA8CF7}.Release|x86.Build.0 = Release|Win32
		{96EFEDB0-114D-43B6-AEEA-9192256EBA62}.Debug|arm64.ActiveCfg = Debug|ARM64
		{96EFEDB0-114D-43B6-AEEA-9192256EBA62}.Debug|arm64.Build.0 = Debug|ARM64
		{96EFEDB0-114D-43B6-AEEA-9192256EBA62}.Debug|x64.ActiveCfg = Debug|x64
		{96EFEDB0-114D-43B6-AEEA-9192256EBA62}.Debug|x64.Build.0 = Debug|x64
		{96EFEDB0-114D-43B6-AEEA-9192256EBA62}.Debug|x86.ActiveCfg = Debug|Win32
		{96EFEDB0-114D-43B6-AEEA-9192256EBA62}.Debug|x86.Build.0 = Debug|Win32
		{96EFEDB0-114D-43B6-AEEA-9192256EBA62}.Release|arm64.ActiveCfg = Release|ARM64
		{96EFEDB0-114D-43B6-AEEA-9192256EBA62}.Release|arm64.Build.0 = Release|ARM64
		{96EFEDB0-114D-43B6-AEEA-9192256EBA62}.Release|x64.ActiveCfg = Release|x64
		{96EFEDB0-114D-43B6-AEEA-9192256EBA62}.Release|x64.Build.0 = Release|x64
		{96EFEDB0-114D-43B6-AEEA-9192256EBA62}.Release|x86.ActiveCfg = Release|Win32
		{96EFEDB0-114D-43B6-AEEA-9192256EBA62}.Release|x86.Build.0 = Release|Win32
		{232A82D1-FFCF-4069-9041-0CB8028B6F1C}.Debug|arm64.ActiveCfg = Debug|ARM64
		{232A82D1-FFCF-4069-9041-0CB8028B6F1C}.Debug|arm64.Build.0 = Debug|ARM64
		{232A82D1-FFCF-4069-9041-0CB8028B6F1C}.Debug|x64.ActiveCfg = Debug|x64
		{232A82D1-FFCF-4069-9041-0CB8028B6F1C}.Debug|x64.Build.0 = Debug|x64
		{232A82D1-FFCF-4069-9041-0CB8028B6F1C}.Debug|x86.ActiveCfg = Debug|Win32
		{232A82D1-FFCF-4069-9041-0CB8028B6F1C}.Debug|x86.Build.0 = Debug|Win32
		{232A82D1-FFCF-4069-9041-0CB8028B6F1C}.Release|arm64.ActiveCfg = Release|ARM64
		{232A82D1-FFCF-4069-9041-0CB8028B6F1C}.Release|arm64.Build.0 = Release|ARM64
		{232A82D1-FFCF-4069-9041-0CB8028B6F1C}.Release|x64.ActiveCfg = Release|x64
		{232A82D1-FFCF-4069-9041-0CB8028B6F1C}.Release|x64.Build.0 = Release|x64
		{232A82D1-FFCF-4069-9041-0CB8028B6F1C}.Release|x86.ActiveCfg = Release|Win32
		{232A82D1-FFCF-4069-9041-0CB8028B6F1C}.Release|x86.Build.0 = Release|Win32
		{EEA53888-6C04-4E7B-9DFD-EB3858C461EE}.Debug|arm64.ActiveCfg = Debug|ARM64
		{EEA53888-6C04-4E7B-9DFD-EB3858C461EE}.Debug|arm64.Build.0 = Debug|ARM64
		{EEA53888-6C04-4E7B-9DFD-EB3858C461EE}.Debug|x64.ActiveCfg = Debug|x64
		{EEA53888-6C04-4E7B-9DFD-EB3858C461EE}.Debug|x64.Build.0 = Debug|x64
		{EEA53888-6C04-4E7B-9DFD-EB3858C461EE}.Debug|x86.ActiveCfg = Debug|Win32
		{EEA53888-6C04-4E7B-9DFD-EB3858C461EE}.Debug|x86.Build.0 = Debug|Win32
		{EEA53888-6C04-4E7B-9DFD-EB3858C461EE}.Release|arm64.ActiveCfg = Release|ARM64
		{EEA53888-6C04-4E7B-9DFD-EB3858C461EE}.Release|arm64.Build.0 = Release|ARM64
		{EEA53888-6C04-4E7B-9DFD-EB3858C461EE}.Release|x64.ActiveCfg = Release|x64
		{EEA53888-6C04-4E7B-9DFD-EB3858C461EE}.Release|x64.Build.0 = Release|x64
		{EEA53888-6C04-4E7B-9DFD-EB3858C461EE}.Release|x86.ActiveCfg = Release|Win32
		{EEA53888-6C04-4E7B-9DFD-EB3858C461EE}.Release|x86.Build.0 = Release|Win32
		{047D4423-7E06-41BB-83A0-ABC07C5D9E3D}.Debug|arm64.ActiveCfg = Debug|ARM64
		{047D4423-7E06-41BB-83A0-ABC07C5D9E3D}.Debug|arm64.Build.0 = Debug|ARM64
		{047D4423-7E06-41BB-83A0-ABC07C5D9E3D}.Debug|x64.ActiveCfg = Debug|x64
		{047D4423-7E06-41BB-83A0-ABC07C5D9E3D}.Debug|x64.Build.0 = Debug|x64
		{047D4423-7E06-41BB-83A0-ABC07C5D9E3D}.Debug|x86.ActiveCfg = Debug|Win32
		{047D4423-7E06-41BB-83A0-ABC07C5D9E3D}.Debug|x86.Build.0 = Debug|Win32
		{047D4423-7E06-41BB-83A0-ABC07C5D9E3D}.Release|arm64.ActiveCfg = Release|ARM64
		{047D4423-7E06-41BB-83A0-ABC07C5D9E3D}.Release|arm64.Build.0 = Release|ARM64
		{047D4423-7E06-41BB-83A0-ABC07C5D9E3D}.Release|x64.ActiveCfg = Release|x64
		{047D4423-7E06-41BB-83A0-ABC07C5D9E3D}.Release|x64.Build.0 = Release|x64
		{047D4423-7E06-41BB-83A0-ABC07C5D9E3D}.Release|x86.ActiveCfg = Release|Win32
		{047D4423-7E06-41BB-83A0-ABC07C5D9E3D}.Release|x86.Build.0 = Release|Win32
		{E670CADB-2352-4B37-9A13-727410E0AB14}.Debug|arm64.ActiveCfg = Debug|ARM64
		{E670CADB-2352-4B37-9A13-727410E0AB14}.Debug|arm64.Build.0 = Debug|ARM64
		{E670CADB-2352-4B37-9A13-727410E0AB14}.Debug|x64.ActiveCfg = Debug|x64
		{E670CADB-2352-4B37-9A13-727410E0AB14}.Debug|x64.Build.0 = Debug|x64
		{E670CADB-2352-4B37-9A13-727410E0AB14}.Debug|x86.ActiveCfg = Debug|Win32
		{E670CADB-2352-4B37-9A13-727410E0AB14}.Debug|x86.Build.0 = Debug|Win32
		{E670CADB-2352-4B37-9A13-727410E0AB14}.Release|arm64.ActiveCfg = Release|ARM64
		{E670CADB-2352-4B37-9A13-727410E0AB14}.Release|arm64.Build.0 = Release|ARM64
		{E670CADB-2352-4B37-9A13-727410E0AB14}.Release|x64.ActiveCfg = Release|x64
		{E670CADB-2352-4B37-9A13-727410E0AB14}.Release|x64.Build.0 = Release|x64
		{E670CADB-2352-4B37-9A13-727410E0AB14}.Release|x86.ActiveCfg = Release|Win32
		{E670CADB-2352-4B37-9A13-727410E0AB14}.Release|x86.Build.0 = Release|Win32
		{C5F3F44A-4C6F-4296-957A-6A18FC055BAF}.Debug|arm64.ActiveCfg = Debug|ARM64
		{C5F3F44A-4C6F-4296-957A-6A18FC055BAF}.Debug|arm64.Build.0 = Debug|ARM64
		{C5F3F44A-4C6F-4296-957A-6A18FC055BAF}.Debug|x64.ActiveCfg = Debug|x64
		{C5F3F44A-4C6F-4296-957A-6A18FC055BAF}.Debug|x64.Build.0 = Debug|x64
		{C5F3F44A-4C6F-4296-957A-6A18FC055BAF}.Debug|x86.ActiveCfg = Debug|Win32
		{C5F3F44A-4C6F-4296-957A-6A18FC055BAF}.Debug|x86.Build.0 = Debug|Win32
		{C5F3F44A-4C6F-4296-957A-6A18FC055BAF}.Release|arm64.ActiveCfg = Release|ARM64
		{C5F3F44A-4C6F-4296-957A-6A18FC055BAF}.Release|arm64.Build.0 = Release|ARM64
		{C5F3F44A-4C6F-4296-957A-6A18FC055BAF}.Release|x64.ActiveCfg = Release|x64
		{C5F3F44A-4C6F-4296-957A-6A18FC055BAF}.Release|x64.Build.0 = Release|x64
		{C5F3F44A-4C6F-4296-957A-6A18FC055BAF}.Release|x86.ActiveCfg = Release|Win32
		{C5F3F44A-4C6F-4296-957A-6A18FC055BAF}.Release|x86.Build.0 = Release|Win32
		{F248D404-4C74-4FAB-9361-FD00EFB82C62}.Debug|arm64.ActiveCfg = Debug|ARM64
		{F248D404-4C74-4FAB-9361-FD00EFB82C62}.Debug|arm64.Build.0 = Debug|ARM64
		{F248D404-4C74-4FAB-9361-FD00EFB82C62}.Debug|x64.ActiveCfg = Debug|x64
		{F248D404-4C74-4FAB-9361-FD00EFB82C62}.Debug|x64.Build.0 = Debug|x64
		{F248D404-4C74-4FAB-9361-FD00EFB82C62}.Debug|x86.ActiveCfg = Debug|Win32
		{F248D404-4C74-4FAB-9361-FD00EFB82C62}.Debug|x86.Build.0 = Debug|Win32
		{F248D404-4C74-4FAB-9361-FD00EFB82C62}.Release|arm64.ActiveCfg = Release|ARM64
		{F248D404-4C74-4FAB-9361-FD00EFB82C62}.Release|arm64.Build.0 = Release|ARM64
		{F248D404-4C74-4FAB-9361-FD00EFB82C62}.Release|x64.ActiveCfg = Release|x64
		{F248D404-4C74-4FAB-9361-FD00EFB82C62}.Release|x64.Build.0 = Release|x64
		{F248D404-4C74-4FAB-9361-FD00EFB82C62}.Release|x86.ActiveCfg = Release|Win32
		{F248D404-4C74-4FAB-9361-FD00EFB82C62}.Release|x86.Build.0 = Release|Win32
		{787A0FD3-BD7B-4ECD-8547-C9EA5F6EA219}.Debug|arm64.ActiveCfg = Debug|ARM64
		{787A0FD3-BD7B-4ECD-8547-C9EA5F6EA219}.Debug|arm64.Build.0 = Debug|ARM64
		{787A0FD3-BD7B-4ECD-8547-C9EA5F6EA219}.Debug|x64.ActiveCfg = Debug|x64
		{787A0FD3-BD7B-4ECD-8547-C9EA5F6EA219}.Debug|x64.Build.0 = Debug|x64
		{787A0FD3-BD7B-4ECD-8547-C9EA5F6EA219}.Debug|x86.ActiveCfg = Debug|Win32
		{787A0FD3-BD7B-4ECD-8547-C9EA5F6EA219}.Debug|x86.Build.0 = Debug|Win32
		{787A0FD3-BD7B-4ECD-8547-C9EA5F6EA219}.Release|arm64.ActiveCfg = Release|ARM64
		{787A0FD3-BD7B-4ECD-8547-C9EA5F6EA219}.Release|arm64.Build.0 = Release|ARM64
		{787A0FD3-BD7B-4ECD-8547-C9EA5F6EA219}.Release|x64.ActiveCfg = Release|x64
		{787A0FD3-BD7B-4ECD-8547-C9EA5F6EA219}.Release|x64.Build.0 = Release|x64
		{787A0FD3-BD7B-4ECD-8547-C9EA5F6EA219}.Release|x86.ActiveCfg = Release|Win32
		{787A0FD3-BD7B-4ECD-8547-C9EA5F6EA219}.Release|x86.Build.0 = Release|Win32
		{4F0BC946-39EC-4415-ACAD-A2778B7442B9}.Debug|arm64.ActiveCfg = Debug|ARM64
		{4F0BC946-39EC-4415-ACAD-A2778B7442B9}.Debug|arm64.Build.0 = Debug|ARM64
		{4F0BC946-39EC-4415-ACAD-A2778B7442B9}.Debug|x64.ActiveCfg = Debug|x64
		{4F0BC946-39EC-4415-ACAD-A2778B7442B9}.Debug|x64.Build.0 = Debug|x64
		{4F0BC946-39EC-4415-ACAD-A2778B7442B9}.Debug|x86.ActiveCfg = Debug|Win32
		{4F0BC946-39EC-4415-ACAD-A2778B7442B9}.Debug|x86.Build.0 = Debug|Win32
		{4F0BC946-39EC-4415-ACAD-A2778B7442B9}.Release|arm64.ActiveCfg = Release|ARM64
		{4F0BC946-39EC-4415-ACAD-A2778B7442B9}.Release|arm64.Build.0 = Release|ARM64
		{4F0BC946-39EC-4415-ACAD-A2778B7442B9}.Release|x64.ActiveCfg = Release|x64
		{4F0BC946-39EC-4415-ACAD-A2778B7442B9}.Release|x64.Build.0 = Release|x64
		{4F0BC946-39EC-4415-ACAD-A2778B7442B9}.Release|x86.ActiveCfg = Release|Win32
		{4F0BC946-39EC-4415-ACAD-A2778B7442B9}.Release|x86.Build.0 = Release|Win32
		{8EBABAAE-DCD4-4E73-A9C6-B78ED5A89219}.Debug|arm64.ActiveCfg = Debug|ARM64
		{8EBABAAE-DCD4-4E73-A9C6-B78ED5A89219}.Debug|arm64.Build.0 = Debug|ARM64
		{8EBABAAE-DCD4-4E73-A9C6-B78ED5A89219}.Debug|x64.ActiveCfg = Debug|x64
		{8EBABAAE-DCD4-4E73-A9C6-B78ED5A89219}.Debug|x64.Build.0 = Debug|x64
		{8EBABAAE-DCD4-4E73-A9C6-B78ED5A89219}.Debug|x86.ActiveCfg = Debug|Win32
		{8EBABAAE-DCD4-4E73-A9C6-B78ED5A89219}.Debug|x86.Build.0 = Debug|Win32
		{8EBABAAE-DCD4-4E73-A9C6-B78ED5A89219}.Release|arm64.ActiveCfg = Release|ARM64
		{8EBABAAE-DCD4-4E73-A9C6-B78ED5A89219}.Release|arm64.Build.0 = Release|ARM64
		{8EBABAAE-DCD4-4E73-A9C6-B78ED5A89219}.Release|x64.ActiveCfg = Release|x64
		{8EBABAAE-DCD4-4E73-A9C6-B78ED5A89219}.Release|x64.Build.0 = Release|x64
		{8EBABAAE-DCD4-4E73-A9C6-B78ED5A89219}.Release|x86.ActiveCfg = Release|Win32
		{8EBABAAE-DCD4-4E73-A9C6-B78ED5A89219}.Release|x86.Build.0 = Release|Win32
		{30FD7152-5FC3-499B-9AA8-D273DB06EA55}.Debug|arm64.ActiveCfg = Debug|ARM64
		{30FD7152-5FC3-499B-9AA8-D273DB06EA55}.Debug|arm64.Build.0 = Debug|ARM64
		{30FD7152-5FC3-499B-9AA8-D273DB06EA55}.Debug|x64.ActiveCfg = Debug|x64
		{30FD7152-5FC3-499B-9AA8-D273DB06EA55}.Debug|x64.Build.0 = Debug|x64
		{30FD7152-5FC3-499B-9AA8-D273DB06EA55}.Debug|x86.ActiveCfg = Debug|Win32
		{30FD7152-5FC3-499B-9AA8-D273DB06EA55}.Debug|x86.Build.0 = Debug|Win32
		{30FD7152-5FC3-499B-9AA8-D273DB06EA55}.Release|arm64.ActiveCfg = Release|ARM64
		{30FD7152-5FC3-499B-9AA8-D273DB06EA55}.Release|arm64.Build.0 = Release|ARM64
		{30FD7152-5FC3-499B-9AA8-D273DB06EA55}.Release|x64.ActiveCfg = Release|x64
		{30FD7152-5FC3-499B-9AA8-D273DB06EA55}.Release|x64.Build.0 = Release|x64
		{30FD7152-5FC3-499B-9AA8-D273DB06EA55}.Release|x86.ActiveCfg = Release|Win32
		{30FD7152-5FC3-499B-9AA8-D273DB06EA55}.Release|x86.Build.0 = Release|Win32
		{F6FFF26B-6F59-4DED-BB1D-FF38DE213EC7}.Debug|arm64.ActiveCfg = Debug|x64
		{F6FFF26B-6F59-4DED-BB1D-FF38DE213EC7}.Debug|arm64.Build.0 = Debug|x64
		{F6FFF26B-6F59-4DED-BB1D-FF38DE213EC7}.Debug|x64.ActiveCfg = Debug|x64
		{F6FFF26B-6F59-4DED-BB1D-FF38DE213EC7}.Debug|x64.Build.0 = Debug|x64
		{F6FFF26B-6F59-4DED-BB1D-FF38DE213EC7}.Debug|x86.ActiveCfg = Debug|Win32
		{F6FFF26B-6F59-4DED-BB1D-FF38DE213EC7}.Debug|x86.Build.0 = Debug|Win32
		{F6FFF26B-6F59-4DED-BB1D-FF38DE213EC7}.Release|arm64.ActiveCfg = Release|x64
		{F6FFF26B-6F59-4DED-BB1D-FF38DE213EC7}.Release|arm64.Build.0 = Release|x64
		{F6FFF26B-6F59-4DED-BB1D-FF38DE213EC7}.Release|x64.ActiveCfg = Release|x64
		{F6FFF26B-6F59-4DED-BB1D-FF38DE213EC7}.Release|x64.Build.0 = Release|x64
		{F6FFF26B-6F59-4DED-BB1D-FF38DE213EC7}.Release|x86.ActiveCfg = Release|Win32
		{F6FFF26B-6F59-4DED-BB1D-FF38DE213EC7}.Release|x86.Build.0 = Release|Win32
		{6F4A2A7B-F12A-4C74-80B2-9D81A84B38B1}.Debug|arm64.ActiveCfg = Debug|ARM64
		{6F4A2A7B-F12A-4C74-80B2-9D81A84B38B1}.Debug|arm64.Build.0 = Debug|ARM64
		{6F4A2A7B-F12A-4C74-80B2-9D81A84B38B1}.Debug|x64.ActiveCfg = Debug|x64
		{6F4A2A7B-F12A-4C74-80B2-9D81A84B38B1}.Debug|x64.Build.0 = Debug|x64
		{6F4A2A7B-F12A-4C74-80B2-9D81A84B38B1}.Debug|x86.ActiveCfg = Debug|Win32
		{6F4A2A7B-F12A-4C74-80B2-9D81A84B38B1}.Debug|x86.Build.0 = Debug|Win32
		{6F4A2A7B-F12A-4C74-80B2-9D81A84B38B1}.Release|arm64.ActiveCfg = Release|ARM64
		{6F4A2A7B-F12A-4C74-80B2-9D81A84B38B1}.Release|arm64.Build.0 = Release|ARM64
		{6F4A2A7B-F12A-4C74-80B2-9D81A84B38B1}.Release|x64.ActiveCfg = Release|x64
		{6F4A2A7B-F12A-4C74-80B2-9D81A84B38B1}.Release|x64.Build.0 = Release|x64
		{6F4A2A7B-F12A-4C74-80B2-9D81A84B38B1}.Release|x86.ActiveCfg = Release|Win32
		{6F4A2A7B-F12A-4C74-80B2-9D81A84B38B1}.Release|x86.Build.0 = Release|Win32
		{4324D5D2-D11D-4D25-B60B-7B869AC9DA05}.Debug|arm64.ActiveCfg = Debug|ARM64
		{4324D5D2-D11D-4D25-B60B-7B869AC9DA05}.Debug|arm64.Build.0 = Debug|ARM64
		{4324D5D2-D11D-4D25-B60B-7B869AC9DA05}.Debug|x64.ActiveCfg = Debug|x64
		{4324D5D2-D11D-4D25-B60B-7B869AC9DA05}.Debug|x64.Build.0 = Debug|x64
		{4324D5D2-D11D-4D25-B60B-7B869AC9DA05}.Debug|x86.ActiveCfg = Debug|Win32
		{4324D5D2-D11D-4D25-B60B-7B869AC9DA05}.Debug|x86.Build.0 = Debug|Win32
		{4324D5D2-D11D-4D25-B60B-7B869AC9DA05}.Release|arm64.ActiveCfg = Release|ARM64
		{4324D5D2-D11D-4D25-B60B-7B869AC9DA05}.Release|arm64.Build.0 = Release|ARM64
		{4324D5D2-D11D-4D25-B60B-7B869AC9DA05}.Release|x64.ActiveCfg = Release|x64
		{4324D5D2-D11D-4D25-B60B-7B869AC9DA05}.Release|x64.Build.0 = Release|x64
		{4324D5D2-D11D-4D25-B60B-7B869AC9DA05}.Release|x86.ActiveCfg = Release|Win32
		{4324D5D2-D11D-4D25-B60B-7B869AC9DA05}.Release|x86.Build.0 = Release|Win32
		{4489AB21-497B-4615-9BAA-C0B0C04CF578}.Debug|arm64.ActiveCfg = Debug|ARM64
		{4489AB21-497B-4615-9BAA-C0B0C04CF578}.Debug|arm64.Build.0 = Debug|ARM64
		{4489AB21-497B-4615-9BAA-C0B0C04CF578}.Debug|x64.ActiveCfg = Debug|x64
		{4489AB21-497B-4615-9BAA-C0B0C04CF578}.Debug|x64.Build.0 = Debug|x64
		{4489AB21-497B-4615-9BAA-C0B0C04CF578}.Debug|x86.ActiveCfg = Debug|Win32
		{4489AB21-497B-4615-9BAA-C0B0C04CF578}.Debug|x86.Build.0 = Debug|Win32
		{4489AB21-497B-4615-9BAA-C0B0C04CF578}.Release|arm64.ActiveCfg = Release|ARM64
		{4489AB21-497B-4615-9BAA-C0B0C04CF578}.Release|arm64.Build.0 = Release|ARM64
		{4489AB21-497B-4615-9BAA-C0B0C04CF578}.Release|x64.ActiveCfg = Release|x64
		{4489AB21-497B-4615-9BAA-C0B0C04CF578}.Release|x64.Build.0 = Release|x64
		{4489AB21-497B-4615-9BAA-C0B0C04CF578}.Release|x86.ActiveCfg = Release|Win32
		{4489AB21-497B-4615-9BAA-C0B0C04CF578}.Release|x86.Build.0 = Release|Win32
		{28DC447E-C889-4739-9A28-3FCF9796C079}.Debug|arm64.ActiveCfg = Debug|ARM64
		{28DC447E-C889-4739-9A28-3FCF9796C079}.Debug|arm64.Build.0 = Debug|ARM64
		{28DC447E-C889-4739-9A28-3FCF9796C079}.Debug|x64.ActiveCfg = Debug|x64
		{28DC447E-C889-4739-9A28-3FCF9796C079}.Debug|x64.Build.0 = Debug|x64
		{28DC447E-C889-4739-9A28-3FCF9796C079}.Debug|x86.ActiveCfg = Debug|Win32
		{28DC447E-C889-4739-9A28-3FCF9796C079}.Debug|x86.Build.0 = Debug|Win32
		{28DC447E-C889-4739-9A28-3FCF9796C079}.Release|arm64.ActiveCfg = Release|ARM64
		{28DC447E-C889-4739-9A28-3FCF9796C079}.Release|arm64.Build.0 = Release|ARM64
		{28DC447E-C889-4739-9A28-3FCF9796C079}.Release|x64.ActiveCfg = Release|x64
		{28DC447E-C889-4739-9A28-3FCF9796C079}.Release|x64.Build.0 = Release|x64
		{28DC447E-C889-4739-9A28-3FCF9796C079}.Release|x86.ActiveCfg = Release|Win32
		{28DC447E-C889-4739-9A28-3FCF9796C079}.Release|x86.Build.0 = Release|Win32
		{70A105D7-2BCE-4DCF-8F14-1D64732C7D04}.Debug|arm64.ActiveCfg = Debug|ARM64
		{70A105D7-2BCE-4DCF-8F14-1D64732C7D04}.Debug|arm64.Build.0 = Debug|ARM64
		{70A105D7-2BCE-4DCF-8F14-1D64732C7D04}.Debug|x64.ActiveCfg = Debug|x64
		{70A105D7-2BCE-4DCF-8F14-1D64732C7D04}.Debug|x64.Build.0 = Debug|x64
		{70A105D7-2BCE-4DCF-8F14-1D64732C7D04}.Debug|x86.ActiveCfg = Debug|Win32
		{70A105D7-2BCE-4DCF-8F14-1D64732C7D04}.Debug|x86.Build.0 = Debug|Win32
		{70A105D7-2BCE-4DCF-8F14-1D64732C7D04}.Release|arm64.ActiveCfg = Release|ARM64
		{70A105D7-2BCE-4DCF-8F14-1D64732C7D04}.Release|arm64.Build.0 = Release|ARM64
		{70A105D7-2BCE-4DCF-8F14-1D64732C7D04}.Release|x64.ActiveCfg = Release|x64
		{70A105D7-2BCE-4DCF-8F14-1D64732C7D04}.Release|x64.Build.0 = Release|x64
		{70A105D7-2BCE-4DCF-8F14-1D64732C7D04}.Release|x86.ActiveCfg = Release|Win32
		{70A105D7-2BCE-4DCF-8F14-1D64732C7D04}.Release|x86.Build.0 = Release|Win32
		{417F4285-269C-4A60-8D9F-97D306A2E57A}.Debug|arm64.ActiveCfg = Debug|ARM64
		{417F4285-269C-4A60-8D9F-97D306A2E57A}.Debug|arm64.Build.0 = Debug|ARM64
		{417F4285-269C-4A60-8D9F-97D306A2E57A}.Debug|x64.ActiveCfg = Debug|x64
		{417F4285-269C-4A60-8D9F-97D306A2E57A}.Debug|x64.Build.0 = Debug|x64
		{417F4285-269C-4A60-8D9F-97D306A2E57A}.Debug|x86.ActiveCfg = Debug|Win32
		{417F4285-269C-4A60-8D9F-97D306A2E57A}.Debug|x86.Build.0 = Debug|Win32
		{417F4285-269C-4A60-8D9F-97D306A2E57A}.Release|arm64.ActiveCfg = Release|ARM64
		{417F4285-269C-4A60-8D9F-97D306A2E57A}.Release|arm64.Build.0 = Release|ARM64
		{417F4285-269C-4A60-8D9F-97D306A2E57A}.Release|x64.ActiveCfg = Release|x64
		{417F4285-269C-4A60-8D9F-97D306A2E57A}.Release|x64.Build.0 = Release|x64
		{417F4285-269C-4A60-8D9F-97D306A2E57A}.Release|x86.ActiveCfg = Release|Win32
		{417F4285-269C-4A60-8D9F-97D306A2E57A}.Release|x86.Build.0 = Release|Win32
		{983C59B3-A6F2-4829-A250-2DE0837B96DA}.Debug|arm64.ActiveCfg = Debug|ARM64
		{983C59B3-A6F2-4829-A250-2DE0837B96DA}.Debug|arm64.Build.0 = Debug|ARM64
		{983C59B3-A6F2-4829-A250-2DE0837B96DA}.Debug|x64.ActiveCfg = Debug|x64
		{983C59B3-A6F2-4829-A250-2DE0837B96DA}.Debug|x64.Build.0 = Debug|x64
		{983C59B3-A6F2-4829-A250-2DE0837B96DA}.Debug|x86.ActiveCfg = Debug|Win32
		{983C59B3-A6F2-4829-A250-2DE0837B96DA}.Debug|x86.Build.0 = Debug|Win32
		{983C59B3-A6F2-4829-A250-2DE0837B96DA}.Release|arm64.ActiveCfg = Release|ARM64
		{983C59B3-A6F2-4829-A250-2DE0837B96DA}.Release|arm64.Build.0 = Release|ARM64
		{983C59B3-A6F2-4829-A250-2DE0837B96DA}.Release|x64.ActiveCfg = Release|x64
		{983C59B3-A6F2-4829-A250-2DE0837B96DA}.Release|x64.Build.0 = Release|x64
		{983C59B3-A6F2-4829-A250-2DE0837B96DA}.Release|x86.ActiveCfg = Release|Win32
		{983C59B3-A6F2-4829-A250-2DE0837B96DA}.Release|x86.Build.0 = Release|Win32
		{556E66D9-FD0D-4FEF-95FC-6ED5D07860AF}.Debug|arm64.ActiveCfg = Debug|ARM64
		{556E66D9-FD0D-4FEF-95FC-6ED5D07860AF}.Debug|arm64.Build.0 = Debug|ARM64
		{556E66D9-FD0D-4FEF-95FC-6ED5D07860AF}.Debug|x64.ActiveCfg = Debug|x64
		{556E66D9-FD0D-4FEF-95FC-6ED5D07860AF}.Debug|x64.Build.0 = Debug|x64
		{556E66D9-FD0D-4FEF-95FC-6ED5D07860AF}.Debug|x86.ActiveCfg = Debug|Win32
		{556E66D9-FD0D-4FEF-95FC-6ED5D07860AF}.Debug|x86.Build.0 = Debug|Win32
		{556E66D9-FD0D-4FEF-95FC-6ED5D07860AF}.Release|arm64.ActiveCfg = Release|ARM64
		{556E66D9-FD0D-4FEF-95FC-6ED5D07860AF}.Release|arm64.Build.0 = Release|ARM64
		{556E66D9-FD0D-4FEF-95FC-6ED5D07860AF}.Release|x64.ActiveCfg = Release|x64
		{556E66D9-FD0D-4FEF-95FC-6ED5D07860AF}.Release|x64.Build.0 = Release|x64
		{556E66D9-FD0D-4FEF-95FC-6ED5D07860AF}.Release|x86.ActiveCfg = Release|Win32
		{556E66D9-FD0D-4FEF-95FC-6ED5D07860AF}.Release|x86.Build.0 = Release|Win32
		{8E7D6E6B-9F3F-42B8-9285-1231FB7EB976}.Debug|arm64.ActiveCfg = Debug|ARM64
		{8E7D6E6B-9F3F-42B8-9285-1231FB7EB976}.Debug|arm64.Build.0 = Debug|ARM64
		{8E7D6E6B-9F3F-42B8-9285-1231FB7EB976}.Debug|x64.ActiveCfg = Debug|x64
		{8E7D6E6B-9F3F-42B8-9285-1231FB7EB976}.Debug|x64.Build.0 = Debug|x64
		{8E7D6E6B-9F3F-42B8-9285-1231FB7EB976}.Debug|x86.ActiveCfg = Debug|Win32
		{8E7D6E6B-9F3F-42B8-9285-1231FB7EB976}.Debug|x86.Build.0 = Debug|Win32
		{8E7D6E6B-9F3F-42B8-9285-1231FB7EB976}.Release|arm64.ActiveCfg = Release|ARM64
		{8E7D6E6B-9F3F-42B8-9285-1231FB7EB976}.Release|arm64.Build.0 = Release|ARM64
		{8E7D6E6B-9F3F-42B8-9285-1231FB7EB976}.Release|x64.ActiveCfg = Release|x64
		{8E7D6E6B-9F3F-42B8-9285-1231FB7EB976}.Release|x64.Build.0 = Release|x64
		{8E7D6E6B-9F3F-42B8-9285-1231FB7EB976}.Release|x86.ActiveCfg = Release|Win32
		{8E7D6E6B-9F3F-42B8-9285-1231FB7EB976}.Release|x86.Build.0 = Release|Win32
		{7FE6966D-1DBC-4550-9C38-0E1527F18974}.Debug|arm64.ActiveCfg = Debug|ARM64
		{7FE6966D-1DBC-4550-9C38-0E1527F18974}.Debug|arm64.Build.0 = Debug|ARM64
		{7FE6966D-1DBC-4550-9C38-0E1527F18974}.Debug|x64.ActiveCfg = Debug|x64
		{7FE6966D-1DBC-4550-9C38-0E1527F18974}.Debug|x64.Build.0 = Debug|x64
		{7FE6966D-1DBC-4550-9C38-0E1527F18974}.Debug|x86.ActiveCfg = Debug|Win32
		{7FE6966D-1DBC-4550-9C38-0E1527F18974}.Debug|x86.Build.0 = Debug|Win32
		{7FE6966D-1DBC-4550-9C38-0E1527F18974}.Release|arm64.ActiveCfg = Release|ARM64
		{7FE6966D-1DBC-4550-9C38-0E1527F18974}.Release|arm64.Build.0 = Release|ARM64
		{7FE6966D-1DBC-4550-9C38-0E1527F18974}.Release|x64.ActiveCfg = Release|x64
		{7FE6966D-1DBC-4550-9C38-0E1527F18974}.Release|x64.Build.0 = Release|x64
		{7FE6966D-1DBC-4550-9C38-0E1527F18974}.Release|x86.ActiveCfg = Release|Win32
		{7FE6966D-1DBC-4550-9C38-0E1527F18974}.Release|x86.Build.0 = Release|Win32
		{916550FE-3197-4AC9-B9C9-94F2D09787C6}.Debug|arm64.ActiveCfg = Debug|ARM64
		{916550FE-3197-4AC9-B9C9-94F2D09787C6}.Debug|arm64.Build.0 = Debug|ARM64
		{916550FE-3197-4AC9-B9C9-94F2D09787C6}.Debug|x64.ActiveCfg = Debug|x64
		{916550FE-3197-4AC9-B9C9-94F2D09787C6}.Debug|x64.Build.0 = Debug|x64
		{916550FE-3197-4AC9-B9C9-94F2D09787C6}.Debug|x86.ActiveCfg = Debug|Win32
		{916550FE-3197-4AC9-B9C9-94F2D09787C6}.Debug|x86.Build.0 = Debug|Win32
		{916550FE-3197-4AC9-B9C9-94F2D09787C6}.Release|arm64.ActiveCfg = Release|ARM64
		{916550FE-3197-4AC9-B9C9-94F2D09787C6}.Release|arm64.Build.0 = Release|ARM64
		{916550FE-3197-4AC9-B9C9-94F2D09787C6}.Release|x64.ActiveCfg = Release|x64
		{916550FE-3197-4AC9-B9C9-94F2D09787C6}.Release|x64.Build.0 = Release|x64
		{916550FE-3197-4AC9-B9C9-94F2D09787C6}.Release|x86.ActiveCfg = Release|Win32
		{916550FE-3197-4AC9-B9C9-94F2D09787C6}.Release|x86.Build.0 = Release|Win32
		{DD3E1D04-54BB-4C80-829F-3F2BCD156F06}.Debug|arm64.ActiveCfg = Debug|ARM64
		{DD3E1D04-54BB-4C80-829F-3F2BCD156F06}.Debug|arm64.Build.0 = Debug|ARM64
		{DD3E1D04-54BB-4C80-829F-3F2BCD156F06}.Debug|x64.ActiveCfg = Debug|x64
		{DD3E1D04-54BB-4C80-829F-3F2BCD156F06}.Debug|x64.Build.0 = Debug|x64
		{DD3E1D04-54BB-4C80-829F-3F2BCD156F06}.Debug|x86.ActiveCfg = Debug|Win32
		{DD3E1D04-54BB-4C80-829F-3F2BCD156F06}.Debug|x86.Build.0 = Debug|Win32
		{DD3E1D04-54BB-4C80-829F-3F2BCD156F06}.Release|arm64.ActiveCfg = Release|ARM64
		{DD3E1D04-54BB-4C80-829F-3F2BCD156F06}.Release|arm64.Build.0 = Release|ARM64
		{DD3E1D04-54BB-4C80-829F-3F2BCD156F06}.Release|x64.ActiveCfg = Release|x64
		{DD3E1D04-54BB-4C80-829F-3F2BCD156F06}.Release|x64.Build.0 = Release|x64
		{DD3E1D04-54BB-4C80-829F-3F2BCD156F06}.Release|x86.ActiveCfg = Release|Win32
		{DD3E1D04-54BB-4C80-829F-3F2BCD156F06}.Release|x86.Build.0 = Release|Win32
		{E75CEAD5-97F2-4C81-9CCC-AFC447C37E72}.Debug|arm64.ActiveCfg = Debug|ARM64
		{E75CEAD5-97F2-4C81-9CCC-AFC447C37E72}.Debug|arm64.Build.0 = Debug|ARM64
		{E75CEAD5-97F2-4C81-9CCC-AFC447C37E72}.Debug|x64.ActiveCfg = Debug|x64
		{E75CEAD5-97F2-4C81-9CCC-AFC447C37E72}.Debug|x64.Build.0 = Debug|x64
		{E75CEAD5-97F2-4C81-9CCC-AFC447C37E72}.Debug|x86.ActiveCfg = Debug|Win32
		{E75CEAD5-97F2-4C81-9CCC-AFC447C37E72}.Debug|x86.Build.0 = Debug|Win32
		{E75CEAD5-97F2-4C81-9CCC-AFC447C37E72}.Release|arm64.ActiveCfg = Release|ARM64
		{E75CEAD5-97F2-4C81-9CCC-AFC447C37E72}.Release|arm64.Build.0 = Release|ARM64
		{E75CEAD5-97F2-4C81-9CCC-AFC447C37E72}.Release|x64.ActiveCfg = Release|x64
		{E75CEAD5-97F2-4C81-9CCC-AFC447C37E72}.Release|x64.Build.0 = Release|x64
		{E75CEAD5-97F2-4C81-9CCC-AFC447C37E72}.Release|x86.ActiveCfg = Release|Win32
		{E75CEAD5-97F2-4C81-9CCC-AFC447C37E72}.Release|x86.Build.0 = Release|Win32
		{243F11A1-A08B-4559-B940-5618D82CE5DA}.Debug|arm64.ActiveCfg = Debug|ARM64
		{243F11A1-A08B-4559-B940-5618D82CE5DA}.Debug|arm64.Build.0 = Debug|ARM64
		{243F11A1-A08B-4559-B940-5618D82CE5DA}.Debug|x64.ActiveCfg = Debug|x64
		{243F11A1-A08B-4559-B940-5618D82CE5DA}.Debug|x64.Build.0 = Debug|x64
		{243F11A1-A08B-4559-B940-5618D82CE5DA}.Debug|x86.ActiveCfg = Debug|Win32
		{243F11A1-A08B-4559-B940-5618D82CE5DA}.Debug|x86.Build.0 = Debug|Win32
		{243F11A1-A08B-4559-B940-5618D82CE5DA}.Release|arm64.ActiveCfg = Release|ARM64
		{243F11A1-A08B-4559-B940-5618D82CE5DA}.Release|arm64.Build.0 = Release|ARM64
		{243F11A1-A08B-4559-B940-5618D82CE5DA}.Release|x64.ActiveCfg = Release|x64
		{243F11A1-A08B-4559-B940-5618D82CE5DA}.Release|x64.Build.0 = Release|x64
		{243F11A1-A08B-4559-B940-5618D82CE5DA}.Release|x86.ActiveCfg = Release|Win32
		{243F11A1-A08B-4559-B940-5618D82CE5DA}.Release|x86.Build.0 = Release|Win32
	EndGlobalSection
	GlobalSection(SolutionProperties) = preSolution
		HideSolutionNode = FALSE
	EndGlobalSection
	GlobalSection(NestedProjects) = preSolution
		{992EE7A5-6CCA-4716-A312-2E7C86F1A0ED} = {B2B68112-4087-4C23-BDDA-C45186978C3F}
		{03895177-0206-496A-A428-B3FCF8E0616C} = {606A1811-F74F-4D00-BC0D-2BD665BE71DD}
		{34A5572F-041E-41B4-85BA-92137D82981D} = {1A52E717-CF60-4C8E-9F3B-6A642321475A}
		{6A6D0F86-0C64-4602-B502-B3396B7DBB9A} = {F9FA2C56-EDEB-408B-BDC0-6C9274BAF675}
		{B54653EE-DD0F-41FC-87A9-5E8A88A2C4C2} = {8E52C514-C2B6-4BC1-B685-393827A43C56}
		{41507F2E-04F2-4A44-A63C-812772F4D6F2} = {1A52E717-CF60-4C8E-9F3B-6A642321475A}
		{1B2E2291-0864-465A-BBB3-6BA5BF35FE78} = {1A52E717-CF60-4C8E-9F3B-6A642321475A}
		{3BEBDDBA-55E4-4B48-B00D-2C171A57786A} = {1A52E717-CF60-4C8E-9F3B-6A642321475A}
		{61A110DF-4CA4-4242-86AC-E5272CC73B7B} = {1A52E717-CF60-4C8E-9F3B-6A642321475A}
		{85A6D689-9AF8-44FE-89C4-FF6CA7CE97D3} = {4D10E33A-CC2A-494A-84CB-DFE9D652BEC2}
		{AC97450D-8C7D-4FBF-9C24-AF775B3E544D} = {4D10E33A-CC2A-494A-84CB-DFE9D652BEC2}
		{B84EF57D-F620-4CB3-9985-862D011B1785} = {4D10E33A-CC2A-494A-84CB-DFE9D652BEC2}
		{150BB8EE-AFD2-4B2D-96CC-AE0F168DD273} = {4D10E33A-CC2A-494A-84CB-DFE9D652BEC2}
		{84D6D7BC-95CC-4D87-9116-AFA4E51AEA17} = {061DC634-4038-42E1-8D24-F67E1755B5B7}
		{234F9D12-3885-4621-BF4A-5E68DBEA8CF7} = {061DC634-4038-42E1-8D24-F67E1755B5B7}
		{96EFEDB0-114D-43B6-AEEA-9192256EBA62} = {D64CF1F6-415A-4FE2-9BF9-8DBAAFC7C36D}
		{232A82D1-FFCF-4069-9041-0CB8028B6F1C} = {D64CF1F6-415A-4FE2-9BF9-8DBAAFC7C36D}
		{EEA53888-6C04-4E7B-9DFD-EB3858C461EE} = {D64CF1F6-415A-4FE2-9BF9-8DBAAFC7C36D}
		{047D4423-7E06-41BB-83A0-ABC07C5D9E3D} = {62148C09-A4B1-4923-9CA7-A0E3881FFED8}
		{E670CADB-2352-4B37-9A13-727410E0AB14} = {62148C09-A4B1-4923-9CA7-A0E3881FFED8}
		{C5F3F44A-4C6F-4296-957A-6A18FC055BAF} = {62148C09-A4B1-4923-9CA7-A0E3881FFED8}
		{F248D404-4C74-4FAB-9361-FD00EFB82C62} = {62148C09-A4B1-4923-9CA7-A0E3881FFED8}
		{787A0FD3-BD7B-4ECD-8547-C9EA5F6EA219} = {62148C09-A4B1-4923-9CA7-A0E3881FFED8}
		{4F0BC946-39EC-4415-ACAD-A2778B7442B9} = {3CDDCBE7-148E-4D14-BBA9-B5E1866A5568}
		{8EBABAAE-DCD4-4E73-A9C6-B78ED5A89219} = {0AE5B650-99C1-4C43-91E0-C444A506B55C}
		{30FD7152-5FC3-499B-9AA8-D273DB06EA55} = {0AE5B650-99C1-4C43-91E0-C444A506B55C}
		{F6FFF26B-6F59-4DED-BB1D-FF38DE213EC7} = {0AE5B650-99C1-4C43-91E0-C444A506B55C}
		{6F4A2A7B-F12A-4C74-80B2-9D81A84B38B1} = {3CDDCBE7-148E-4D14-BBA9-B5E1866A5568}
		{4324D5D2-D11D-4D25-B60B-7B869AC9DA05} = {3CDDCBE7-148E-4D14-BBA9-B5E1866A5568}
		{4489AB21-497B-4615-9BAA-C0B0C04CF578} = {A7BE28EF-07DC-4B9E-B363-345536CC149F}
		{28DC447E-C889-4739-9A28-3FCF9796C079} = {CAAE7C05-5538-4929-AEC0-8F4BD5DEB2B8}
		{70A105D7-2BCE-4DCF-8F14-1D64732C7D04} = {CAAE7C05-5538-4929-AEC0-8F4BD5DEB2B8}
		{417F4285-269C-4A60-8D9F-97D306A2E57A} = {F9FA2C56-EDEB-408B-BDC0-6C9274BAF675}
		{983C59B3-A6F2-4829-A250-2DE0837B96DA} = {8E52C514-C2B6-4BC1-B685-393827A43C56}
		{556E66D9-FD0D-4FEF-95FC-6ED5D07860AF} = {8E52C514-C2B6-4BC1-B685-393827A43C56}
		{8E7D6E6B-9F3F-42B8-9285-1231FB7EB976} = {64CB5A8F-DF4F-4928-B277-CDC30DFDBE21}
		{7FE6966D-1DBC-4550-9C38-0E1527F18974} = {E1D2B8B2-15B6-443C-920D-692E1ED9C290}
		{916550FE-3197-4AC9-B9C9-94F2D09787C6} = {192DAC35-4C5C-45D1-BF26-4E8AEBC2F1CB}
		{DD3E1D04-54BB-4C80-829F-3F2BCD156F06} = {192DAC35-4C5C-45D1-BF26-4E8AEBC2F1CB}
		{E75CEAD5-97F2-4C81-9CCC-AFC447C37E72} = {192DAC35-4C5C-45D1-BF26-4E8AEBC2F1CB}
		{243F11A1-A08B-4559-B940-5618D82CE5DA} = {192DAC35-4C5C-45D1-BF26-4E8AEBC2F1CB}
	EndGlobalSection
	GlobalSection(ExtensibilityGlobals) = postSolution
		SolutionGuid = {1FC92760-447D-40A0-B4BD-E218DA224992}
	EndGlobalSection
EndGlobal
